{
  "version": 4,
  "terraform_version": "1.14.6",
  "serial": 403,
  "lineage": "0596e172-57a9-a71b-b5f0-909ba6838ed2",
  "outputs": {
    "instance_ids_by_role": {
      "value": {
        "backend": {
          "backend": "i-00b5ad452fecdb5b9"
        },
        "monitoring": {
          "monitoring": "i-0d9efd5da09e92379"
        },
        "nginx": {
          "nginx1": "i-01bc04f5375fcb868",
          "nginx2": "i-0f830ef2705caf935"
        }
      },
      "type": [
        "object",
        {
          "backend": [
            "object",
            {
              "backend": "string"
            }
          ],
          "monitoring": [
            "object",
            {
              "monitoring": "string"
            }
          ],
          "nginx": [
            "object",
            {
              "nginx1": "string",
              "nginx2": "string"
            }
          ]
        }
      ]
    },
    "instance_private_ips_by_role": {
      "value": {
        "backend": {
          "backend": "10.0.1.49"
        },
        "bastion": {},
        "monitoring": {
          "monitoring": "10.0.101.54"
        },
        "nginx": {
          "nginx1": "10.0.101.231",
          "nginx2": "10.0.101.216"
        }
      },
      "type": [
        "object",
        {
          "backend": [
            "object",
            {
              "backend": "string"
            }
          ],
          "bastion": [
            "object",
            {}
          ],
          "monitoring": [
            "object",
            {
              "monitoring": "string"
            }
          ],
          "nginx": [
            "object",
            {
              "nginx1": "string",
              "nginx2": "string"
            }
          ]
        }
      ]
    },
    "instances_meta": {
      "value": {
        "backend": {
          "role": "backend",
          "vrrp_priority": "",
          "vrrp_role": ""
        },
        "monitoring": {
          "role": "monitoring",
          "vrrp_priority": "",
          "vrrp_role": ""
        },
        "nginx1": {
          "role": "nginx",
          "vrrp_priority": "101",
          "vrrp_role": "MASTER"
        },
        "nginx2": {
          "role": "nginx",
          "vrrp_priority": "100",
          "vrrp_role": "BACKUP"
        }
      },
      "type": [
        "object",
        {
          "backend": [
            "object",
            {
              "role": "string",
              "vrrp_priority": "string",
              "vrrp_role": "string"
            }
          ],
          "monitoring": [
            "object",
            {
              "role": "string",
              "vrrp_priority": "string",
              "vrrp_role": "string"
            }
          ],
          "nginx1": [
            "object",
            {
              "role": "string",
              "vrrp_priority": "string",
              "vrrp_role": "string"
            }
          ],
          "nginx2": [
            "object",
            {
              "role": "string",
              "vrrp_priority": "string",
              "vrrp_role": "string"
            }
          ]
        }
      ]
    },
    "monitoring_public_ip": {
      "value": "13.49.65.130",
      "type": "string"
    },
    "ssh_user": {
      "value": "ubuntu",
      "type": "string"
    },
    "vip_allocation_id": {
      "value": "eipalloc-0ce3d88267394c99e",
      "type": "string"
    }
  },
  "resources": [
    {
      "mode": "data",
      "type": "ansible_inventory",
      "name": "infra_inventory",
      "provider": "provider[\"registry.terraform.io/ansible/ansible\"]",
      "instances": [
        {
          "schema_version": 0,
          "attributes": {
            "group": [
              {
                "group": [
                  {
                    "group": [],
                    "host": [
                      {
                        "ansible_become": null,
                        "ansible_become_exe": null,
                        "ansible_become_flags": null,
                        "ansible_become_method": null,
                        "ansible_become_password": null,
                        "ansible_become_user": null,
                        "ansible_connection": null,
                        "ansible_host": "10.0.1.49",
                        "ansible_password": null,
                        "ansible_port": null,
                        "ansible_private_key_file": null,
                        "ansible_python_interpreter": null,
                        "ansible_scp_extra_args": null,
                        "ansible_sftp_extra_args": null,
                        "ansible_shell_executable": null,
                        "ansible_shell_type": null,
                        "ansible_ssh_common_args": null,
                        "ansible_ssh_executable": null,
                        "ansible_ssh_extra_args": null,
                        "ansible_ssh_pipelining": null,
                        "ansible_user": null,
                        "name": "backend"
                      }
                    ],
                    "name": "backend",
                    "vars": {
                      "workload_path": "../../../services"
                    }
                  },
                  {
                    "group": [],
                    "host": [
                      {
                        "ansible_become": null,
                        "ansible_become_exe": null,
                        "ansible_become_flags": null,
                        "ansible_become_method": null,
                        "ansible_become_password": null,
                        "ansible_become_user": null,
                        "ansible_connection": null,
                        "ansible_host": "10.0.101.231",
                        "ansible_password": null,
                        "ansible_port": null,
                        "ansible_private_key_file": null,
                        "ansible_python_interpreter": null,
                        "ansible_scp_extra_args": null,
                        "ansible_sftp_extra_args": null,
                        "ansible_shell_executable": null,
                        "ansible_shell_type": null,
                        "ansible_ssh_common_args": null,
                        "ansible_ssh_executable": null,
                        "ansible_ssh_extra_args": null,
                        "ansible_ssh_pipelining": null,
                        "ansible_user": null,
                        "name": "nginx1"
                      },
                      {
                        "ansible_become": null,
                        "ansible_become_exe": null,
                        "ansible_become_flags": null,
                        "ansible_become_method": null,
                        "ansible_become_password": null,
                        "ansible_become_user": null,
                        "ansible_connection": null,
                        "ansible_host": "10.0.101.216",
                        "ansible_password": null,
                        "ansible_port": null,
                        "ansible_private_key_file": null,
                        "ansible_python_interpreter": null,
                        "ansible_scp_extra_args": null,
                        "ansible_sftp_extra_args": null,
                        "ansible_shell_executable": null,
                        "ansible_shell_type": null,
                        "ansible_ssh_common_args": null,
                        "ansible_ssh_executable": null,
                        "ansible_ssh_extra_args": null,
                        "ansible_ssh_pipelining": null,
                        "ansible_user": null,
                        "name": "nginx2"
                      }
                    ],
                    "name": "nginx",
                    "vars": null
                  },
                  {
                    "group": [
                      {
                        "host": [
                          {
                            "ansible_become": null,
                            "ansible_become_exe": null,
                            "ansible_become_flags": null,
                            "ansible_become_method": null,
                            "ansible_become_password": null,
                            "ansible_become_user": null,
                            "ansible_connection": null,
                            "ansible_host": "10.0.101.231",
                            "ansible_password": null,
                            "ansible_port": null,
                            "ansible_private_key_file": null,
                            "ansible_python_interpreter": null,
                            "ansible_scp_extra_args": null,
                            "ansible_sftp_extra_args": null,
                            "ansible_shell_executable": null,
                            "ansible_shell_type": null,
                            "ansible_ssh_common_args": null,
                            "ansible_ssh_executable": null,
                            "ansible_ssh_extra_args": null,
                            "ansible_ssh_pipelining": null,
                            "ansible_user": null,
                            "name": "nginx1"
                          }
                        ],
                        "name": "master",
                        "vars": {
                          "vrrp_priority": "101",
                          "vrrp_role": "MASTER"
                        }
                      },
                      {
                        "host": [
                          {
                            "ansible_become": null,
                            "ansible_become_exe": null,
                            "ansible_become_flags": null,
                            "ansible_become_method": null,
                            "ansible_become_password": null,
                            "ansible_become_user": null,
                            "ansible_connection": null,
                            "ansible_host": "10.0.101.216",
                            "ansible_password": null,
                            "ansible_port": null,
                            "ansible_private_key_file": null,
                            "ansible_python_interpreter": null,
                            "ansible_scp_extra_args": null,
                            "ansible_sftp_extra_args": null,
                            "ansible_shell_executable": null,
                            "ansible_shell_type": null,
                            "ansible_ssh_common_args": null,
                            "ansible_ssh_executable": null,
                            "ansible_ssh_extra_args": null,
                            "ansible_ssh_pipelining": null,
                            "ansible_user": null,
                            "name": "nginx2"
                          }
                        ],
                        "name": "backup",
                        "vars": {
                          "vrrp_priority": "100",
                          "vrrp_role": "BACKUP"
                        }
                      }
                    ],
                    "host": [],
                    "name": "keepalived",
                    "vars": {
                      "vip_allocation_id": "eipalloc-0ce3d88267394c99e"
                    }
                  },
                  {
                    "group": [],
                    "host": [
                      {
                        "ansible_become": null,
                        "ansible_become_exe": null,
                        "ansible_become_flags": null,
                        "ansible_become_method": null,
                        "ansible_become_password": null,
                        "ansible_become_user": null,
                        "ansible_connection": null,
                        "ansible_host": "13.49.65.130",
                        "ansible_password": null,
                        "ansible_port": null,
                        "ansible_private_key_file": null,
                        "ansible_python_interpreter": null,
                        "ansible_scp_extra_args": null,
                        "ansible_sftp_extra_args": null,
                        "ansible_shell_executable": null,
                        "ansible_shell_type": null,
                        "ansible_ssh_common_args": null,
                        "ansible_ssh_executable": null,
                        "ansible_ssh_extra_args": null,
                        "ansible_ssh_pipelining": null,
                        "ansible_user": null,
                        "name": "monitoring"
                      }
                    ],
                    "name": "monitoring",
                    "vars": null
                  }
                ],
                "host": [],
                "name": "all",
                "vars": {
                  "ansible_private_key_file": "/home/kofta/Downloads/kofta-eu1.pem",
                  "ansible_ssh_common_args": "-o StrictHostKeyChecking=no -o UserKnownHostsFile=/dev/null -o ProxyCommand=\"ssh -i /home/kofta/Downloads/kofta-eu1.pem -W %h:%p -q ubuntu@13.49.65.130 -o StrictHostKeyChecking=no\"",
                  "ansible_user": "ubuntu",
                  "env_type": "aws"
                }
              }
            ],
            "json": "{\"all\":{\"children\":{\"backend\":{\"children\":{},\"hosts\":{\"backend\":{\"ansible_host\":\"10.0.1.49\"}},\"vars\":{\"workload_path\":\"../../../services\"}},\"keepalived\":{\"children\":{\"backup\":{\"hosts\":{\"nginx2\":{\"ansible_host\":\"10.0.101.216\"}},\"vars\":{\"vrrp_priority\":\"100\",\"vrrp_role\":\"BACKUP\"}},\"master\":{\"hosts\":{\"nginx1\":{\"ansible_host\":\"10.0.101.231\"}},\"vars\":{\"vrrp_priority\":\"101\",\"vrrp_role\":\"MASTER\"}}},\"vars\":{\"vip_allocation_id\":\"eipalloc-0ce3d88267394c99e\"}},\"monitoring\":{\"children\":{},\"hosts\":{\"monitoring\":{\"ansible_host\":\"13.49.65.130\"}}},\"nginx\":{\"children\":{},\"hosts\":{\"nginx1\":{\"ansible_host\":\"10.0.101.231\"},\"nginx2\":{\"ansible_host\":\"10.0.101.216\"}}}},\"vars\":{\"ansible_private_key_file\":\"/home/kofta/Downloads/kofta-eu1.pem\",\"ansible_ssh_common_args\":\"-o StrictHostKeyChecking=no -o UserKnownHostsFile=/dev/null -o ProxyCommand=\\\"ssh -i /home/kofta/Downloads/kofta-eu1.pem -W %h:%p -q ubuntu@13.49.65.130 -o StrictHostKeyChecking=no\\\"\",\"ansible_user\":\"ubuntu\",\"env_type\":\"aws\"}}}"
          },
          "sensitive_attributes": [
            [
              {
                "type": "get_attr",
                "value": "group"
              },
              {
                "type": "index",
                "value": {
                  "value": 0,
                  "type": "number"
                }
              },
              {
                "type": "get_attr",
                "value": "group"
              },
              {
                "type": "index",
                "value": {
                  "value": 0,
                  "type": "number"
                }
              },
              {
                "type": "get_attr",
                "value": "host"
              },
              {
                "type": "index",
                "value": {
                  "value": 0,
                  "type": "number"
                }
              },
              {
                "type": "get_attr",
                "value": "ansible_become_password"
              }
            ],
            [
              {
                "type": "get_attr",
                "value": "group"
              },
              {
                "type": "index",
                "value": {
                  "value": 0,
                  "type": "number"
                }
              },
              {
                "type": "get_attr",
                "value": "group"
              },
              {
                "type": "index",
                "value": {
                  "value": 0,
                  "type": "number"
                }
              },
              {
                "type": "get_attr",
                "value": "host"
              },
              {
                "type": "index",
                "value": {
                  "value": 0,
                  "type": "number"
                }
              },
              {
                "type": "get_attr",
                "value": "ansible_password"
              }
            ],
            [
              {
                "type": "get_attr",
                "value": "group"
              },
              {
                "type": "index",
                "value": {
                  "value": 0,
                  "type": "number"
                }
              },
              {
                "type": "get_attr",
                "value": "group"
              },
              {
                "type": "index",
                "value": {
                  "value": 1,
                  "type": "number"
                }
              },
              {
                "type": "get_attr",
                "value": "host"
              },
              {
                "type": "index",
                "value": {
                  "value": 0,
                  "type": "number"
                }
              },
              {
                "type": "get_attr",
                "value": "ansible_become_password"
              }
            ],
            [
              {
                "type": "get_attr",
                "value": "group"
              },
              {
                "type": "index",
                "value": {
                  "value": 0,
                  "type": "number"
                }
              },
              {
                "type": "get_attr",
                "value": "group"
              },
              {
                "type": "index",
                "value": {
                  "value": 1,
                  "type": "number"
                }
              },
              {
                "type": "get_attr",
                "value": "host"
              },
              {
                "type": "index",
                "value": {
                  "value": 0,
                  "type": "number"
                }
              },
              {
                "type": "get_attr",
                "value": "ansible_password"
              }
            ],
            [
              {
                "type": "get_attr",
                "value": "group"
              },
              {
                "type": "index",
                "value": {
                  "value": 0,
                  "type": "number"
                }
              },
              {
                "type": "get_attr",
                "value": "group"
              },
              {
                "type": "index",
                "value": {
                  "value": 1,
                  "type": "number"
                }
              },
              {
                "type": "get_attr",
                "value": "host"
              },
              {
                "type": "index",
                "value": {
                  "value": 1,
                  "type": "number"
                }
              },
              {
                "type": "get_attr",
                "value": "ansible_become_password"
              }
            ],
            [
              {
                "type": "get_attr",
                "value": "group"
              },
              {
                "type": "index",
                "value": {
                  "value": 0,
                  "type": "number"
                }
              },
              {
                "type": "get_attr",
                "value": "group"
              },
              {
                "type": "index",
                "value": {
                  "value": 1,
                  "type": "number"
                }
              },
              {
                "type": "get_attr",
                "value": "host"
              },
              {
                "type": "index",
                "value": {
                  "value": 1,
                  "type": "number"
                }
              },
              {
                "type": "get_attr",
                "value": "ansible_password"
              }
            ],
            [
              {
                "type": "get_attr",
                "value": "group"
              },
              {
                "type": "index",
                "value": {
                  "value": 0,
                  "type": "number"
                }
              },
              {
                "type": "get_attr",
                "value": "group"
              },
              {
                "type": "index",
                "value": {
                  "value": 2,
                  "type": "number"
                }
              },
              {
                "type": "get_attr",
                "value": "group"
              },
              {
                "type": "index",
                "value": {
                  "value": 0,
                  "type": "number"
                }
              },
              {
                "type": "get_attr",
                "value": "host"
              },
              {
                "type": "index",
                "value": {
                  "value": 0,
                  "type": "number"
                }
              },
              {
                "type": "get_attr",
                "value": "ansible_become_password"
              }
            ],
            [
              {
                "type": "get_attr",
                "value": "group"
              },
              {
                "type": "index",
                "value": {
                  "value": 0,
                  "type": "number"
                }
              },
              {
                "type": "get_attr",
                "value": "group"
              },
              {
                "type": "index",
                "value": {
                  "value": 2,
                  "type": "number"
                }
              },
              {
                "type": "get_attr",
                "value": "group"
              },
              {
                "type": "index",
                "value": {
                  "value": 0,
                  "type": "number"
                }
              },
              {
                "type": "get_attr",
                "value": "host"
              },
              {
                "type": "index",
                "value": {
                  "value": 0,
                  "type": "number"
                }
              },
              {
                "type": "get_attr",
                "value": "ansible_password"
              }
            ],
            [
              {
                "type": "get_attr",
                "value": "group"
              },
              {
                "type": "index",
                "value": {
                  "value": 0,
                  "type": "number"
                }
              },
              {
                "type": "get_attr",
                "value": "group"
              },
              {
                "type": "index",
                "value": {
                  "value": 2,
                  "type": "number"
                }
              },
              {
                "type": "get_attr",
                "value": "group"
              },
              {
                "type": "index",
                "value": {
                  "value": 1,
                  "type": "number"
                }
              },
              {
                "type": "get_attr",
                "value": "host"
              },
              {
                "type": "index",
                "value": {
                  "value": 0,
                  "type": "number"
                }
              },
              {
                "type": "get_attr",
                "value": "ansible_become_password"
              }
            ],
            [
              {
                "type": "get_attr",
                "value": "group"
              },
              {
                "type": "index",
                "value": {
                  "value": 0,
                  "type": "number"
                }
              },
              {
                "type": "get_attr",
                "value": "group"
              },
              {
                "type": "index",
                "value": {
                  "value": 2,
                  "type": "number"
                }
              },
              {
                "type": "get_attr",
                "value": "group"
              },
              {
                "type": "index",
                "value": {
                  "value": 1,
                  "type": "number"
                }
              },
              {
                "type": "get_attr",
                "value": "host"
              },
              {
                "type": "index",
                "value": {
                  "value": 0,
                  "type": "number"
                }
              },
              {
                "type": "get_attr",
                "value": "ansible_password"
              }
            ],
            [
              {
                "type": "get_attr",
                "value": "group"
              },
              {
                "type": "index",
                "value": {
                  "value": 0,
                  "type": "number"
                }
              },
              {
                "type": "get_attr",
                "value": "group"
              },
              {
                "type": "index",
                "value": {
                  "value": 3,
                  "type": "number"
                }
              },
              {
                "type": "get_attr",
                "value": "host"
              },
              {
                "type": "index",
                "value": {
                  "value": 0,
                  "type": "number"
                }
              },
              {
                "type": "get_attr",
                "value": "ansible_become_password"
              }
            ],
            [
              {
                "type": "get_attr",
                "value": "group"
              },
              {
                "type": "index",
                "value": {
                  "value": 0,
                  "type": "number"
                }
              },
              {
                "type": "get_attr",
                "value": "group"
              },
              {
                "type": "index",
                "value": {
                  "value": 3,
                  "type": "number"
                }
              },
              {
                "type": "get_attr",
                "value": "host"
              },
              {
                "type": "index",
                "value": {
                  "value": 0,
                  "type": "number"
                }
              },
              {
                "type": "get_attr",
                "value": "ansible_password"
              }
            ],
            [
              {
                "type": "get_attr",
                "value": "json"
              }
            ]
          ],
          "identity_schema_version": 0
        }
      ]
    },
    {
      "mode": "data",
      "type": "aws_ami",
      "name": "ubuntu",
      "provider": "provider[\"registry.terraform.io/hashicorp/aws\"]",
      "instances": [
        {
          "schema_version": 0,
          "attributes": {
            "allow_unsafe_filter": null,
            "architecture": "x86_64",
            "arn": "arn:aws:ec2:eu-north-1::image/ami-0930f12db303154e9",
            "block_device_mappings": [
              {
                "device_name": "/dev/sda1",
                "ebs": {
                  "delete_on_termination": "true",
                  "encrypted": "false",
                  "iops": "0",
                  "snapshot_id": "snap-0564635533ad45b0e",
                  "throughput": "0",
                  "volume_initialization_rate": "0",
                  "volume_size": "8",
                  "volume_type": "gp3"
                },
                "no_device": "",
                "virtual_name": ""
              },
              {
                "device_name": "/dev/sdb",
                "ebs": {},
                "no_device": "",
                "virtual_name": "ephemeral0"
              },
              {
                "device_name": "/dev/sdc",
                "ebs": {},
                "no_device": "",
                "virtual_name": "ephemeral1"
              }
            ],
            "boot_mode": "uefi-preferred",
            "creation_date": "2026-06-26T10:53:04.000Z",
            "deprecation_time": "2028-06-26T10:53:04.000Z",
            "description": "Canonical, Ubuntu, 24.04, amd64 noble image",
            "ena_support": true,
            "executable_users": null,
            "filter": [
              {
                "name": "name",
                "values": [
                  "ubuntu/images/hvm-ssd-gp3/ubuntu-noble-24.04-amd64-server-*"
                ]
              }
            ],
            "hypervisor": "xen",
            "id": "ami-0930f12db303154e9",
            "image_id": "ami-0930f12db303154e9",
            "image_location": "amazon/ubuntu/images/hvm-ssd-gp3/ubuntu-noble-24.04-amd64-server-20260626",
            "image_owner_alias": "amazon",
            "image_type": "machine",
            "imds_support": "v2.0",
            "include_deprecated": false,
            "kernel_id": "",
            "last_launched_time": "",
            "most_recent": true,
            "name": "ubuntu/images/hvm-ssd-gp3/ubuntu-noble-24.04-amd64-server-20260626",
            "name_regex": null,
            "owner_id": "099720109477",
            "owners": [
              "099720109477"
            ],
            "platform": "",
            "platform_details": "Linux/UNIX",
            "product_codes": [],
            "public": true,
            "ramdisk_id": "",
            "region": "eu-north-1",
            "root_device_name": "/dev/sda1",
            "root_device_type": "ebs",
            "root_snapshot_id": "snap-0564635533ad45b0e",
            "sriov_net_support": "simple",
            "state": "available",
            "state_reason": {
              "code": "UNSET",
              "message": "UNSET"
            },
            "tags": {},
            "timeouts": null,
            "tpm_support": "",
            "uefi_data": null,
            "usage_operation": "RunInstances",
            "virtualization_type": "hvm"
          },
          "sensitive_attributes": [],
          "identity_schema_version": 0
        }
      ]
    },
    {
      "mode": "managed",
      "type": "ansible_vault",
      "name": "keepalived_vault",
      "provider": "provider[\"registry.terraform.io/ansible/ansible\"]",
      "instances": [
        {
          "schema_version": 0,
          "attributes": {
            "args": [
              "view",
              "--vault-password-file",
              "../ansible/.vault_pass",
              "../ansible/roles/keepalived/vars/vault.yml"
            ],
            "id": "../ansible/roles/keepalived/vars/vault.yml",
            "vault_file": "../ansible/roles/keepalived/vars/vault.yml",
            "vault_id": null,
            "vault_password_file": "../ansible/.vault_pass",
            "yaml": "keepalived_auth_pass: 1234\n"
          },
          "sensitive_attributes": [
            [
              {
                "type": "get_attr",
                "value": "yaml"
              }
            ]
          ],
          "identity_schema_version": 0,
          "private": "bnVsbA=="
        }
      ]
    },
    {
      "mode": "managed",
      "type": "ansible_vault",
      "name": "monitoring_vault",
      "provider": "provider[\"registry.terraform.io/ansible/ansible\"]",
      "instances": [
        {
          "schema_version": 0,
          "attributes": {
            "args": [
              "view",
              "--vault-password-file",
              "../ansible/.vault_pass",
              "../ansible/roles/monitoring/vars/vault.yml"
            ],
            "id": "../ansible/roles/monitoring/vars/vault.yml",
            "vault_file": "../ansible/roles/monitoring/vars/vault.yml",
            "vault_id": null,
            "vault_password_file": "../ansible/.vault_pass",
            "yaml": "grafana_admin_password: 1234\n"
          },
          "sensitive_attributes": [
            [
              {
                "type": "get_attr",
                "value": "yaml"
              }
            ]
          ],
          "identity_schema_version": 0,
          "private": "bnVsbA=="
        }
      ]
    },
    {
      "mode": "managed",
      "type": "aws_eip",
      "name": "nginx_vip",
      "provider": "provider[\"registry.terraform.io/hashicorp/aws\"]",
      "instances": [
        {
          "schema_version": 0,
          "attributes": {
            "address": null,
            "allocation_id": "eipalloc-0ce3d88267394c99e",
            "arn": "arn:aws:ec2:eu-north-1:903050880181:elastic-ip/eipalloc-0ce3d88267394c99e",
            "associate_with_private_ip": null,
            "association_id": "",
            "carrier_ip": "",
            "customer_owned_ip": "",
            "customer_owned_ipv4_pool": "",
            "domain": "vpc",
            "id": "eipalloc-0ce3d88267394c99e",
            "instance": "",
            "ipam_pool_id": "",
            "network_border_group": "eu-north-1",
            "network_interface": "",
            "private_dns": "",
            "private_ip": "",
            "ptr_record": "",
            "public_dns": "ec2-13-63-32-130.eu-north-1.compute.amazonaws.com",
            "public_ip": "13.63.32.130",
            "public_ipv4_pool": "amazon",
            "region": "eu-north-1",
            "tags": {},
            "tags_all": {},
            "timeouts": null
          },
          "sensitive_attributes": [],
          "identity_schema_version": 0,
          "identity": {
            "account_id": "903050880181",
            "id": "eipalloc-0ce3d88267394c99e",
            "region": "eu-north-1"
          },
          "private": "eyJlMmJmYjczMC1lY2FhLTExZTYtOGY4OC0zNDM2M2JjN2M0YzAiOnsiZGVsZXRlIjoxODAwMDAwMDAwMDAsInJlYWQiOjkwMDAwMDAwMDAwMCwidXBkYXRlIjozMDAwMDAwMDAwMDB9fQ=="
        }
      ]
    },
    {
      "mode": "managed",
      "type": "aws_instance",
      "name": "infra",
      "provider": "provider[\"registry.terraform.io/hashicorp/aws\"]",
      "instances": [
        {
          "index_key": "backend",
          "schema_version": 2,
          "attributes": {
            "ami": "ami-0930f12db303154e9",
            "arn": "arn:aws:ec2:eu-north-1:903050880181:instance/i-00b5ad452fecdb5b9",
            "associate_public_ip_address": false,
            "availability_zone": "eu-north-1a",
            "capacity_reservation_specification": [
              {
                "capacity_reservation_preference": "open",
                "capacity_reservation_target": []
              }
            ],
            "cpu_options": [
              {
                "amd_sev_snp": "",
                "core_count": 1,
                "nested_virtualization": "",
                "threads_per_core": 2
              }
            ],
            "credit_specification": [
              {
                "cpu_credits": "unlimited"
              }
            ],
            "disable_api_stop": false,
            "disable_api_termination": false,
            "ebs_block_device": [],
            "ebs_optimized": false,
            "enable_primary_ipv6": null,
            "enclave_options": [
              {
                "enabled": false
              }
            ],
            "ephemeral_block_device": [],
            "force_destroy": false,
            "get_password_data": false,
            "hibernation": false,
            "host_id": "",
            "host_resource_group_arn": null,
            "iam_instance_profile": "ec2-role-20260627184405823300000002",
            "id": "i-00b5ad452fecdb5b9",
            "instance_initiated_shutdown_behavior": "stop",
            "instance_lifecycle": "",
            "instance_market_options": [],
            "instance_state": "running",
            "instance_type": "t3.micro",
            "ipv6_address_count": 0,
            "ipv6_addresses": [],
            "key_name": "kofta-eu",
            "launch_template": [],
            "maintenance_options": [
              {
                "auto_recovery": "default"
              }
            ],
            "metadata_options": [
              {
                "http_endpoint": "enabled",
                "http_protocol_ipv6": "disabled",
                "http_put_response_hop_limit": 2,
                "http_tokens": "optional",
                "instance_metadata_tags": "disabled"
              }
            ],
            "monitoring": false,
            "network_interface": [],
            "outpost_arn": "",
            "password_data": "",
            "placement_group": "",
            "placement_group_id": "",
            "placement_partition_number": 0,
            "primary_network_interface": [
              {
                "delete_on_termination": true,
                "network_interface_id": "eni-02804ebfb28b660ba"
              }
            ],
            "primary_network_interface_id": "eni-02804ebfb28b660ba",
            "private_dns": "ip-10-0-1-49.eu-north-1.compute.internal",
            "private_dns_name_options": [
              {
                "enable_resource_name_dns_a_record": false,
                "enable_resource_name_dns_aaaa_record": false,
                "hostname_type": "ip-name"
              }
            ],
            "private_ip": "10.0.1.49",
            "public_dns": "",
            "public_ip": "",
            "region": "eu-north-1",
            "root_block_device": [
              {
                "delete_on_termination": true,
                "device_name": "/dev/sda1",
                "encrypted": false,
                "iops": 3000,
                "kms_key_id": "",
                "tags": {},
                "tags_all": {},
                "throughput": 125,
                "volume_id": "vol-04fed46db19ff66e5",
                "volume_size": 8,
                "volume_type": "gp3"
              }
            ],
            "secondary_network_interface": [],
            "secondary_private_ips": [],
            "security_groups": [],
            "source_dest_check": true,
            "spot_instance_request_id": "",
            "subnet_id": "subnet-092d3e5290cfe20e5",
            "tags": {
              "Name": "backend",
              "Role": "backend"
            },
            "tags_all": {
              "Name": "backend",
              "Role": "backend"
            },
            "tenancy": "default",
            "timeouts": null,
            "user_data": null,
            "user_data_base64": null,
            "user_data_replace_on_change": false,
            "volume_tags": null,
            "vpc_security_group_ids": [
              "sg-0caa8b5bac5e1e78e"
            ]
          },
          "sensitive_attributes": [],
          "identity_schema_version": 0,
          "identity": {
            "account_id": "903050880181",
            "id": "i-00b5ad452fecdb5b9",
            "region": "eu-north-1"
          },
          "private": "eyJlMmJmYjczMC1lY2FhLTExZTYtOGY4OC0zNDM2M2JjN2M0YzAiOnsiY3JlYXRlIjo2MDAwMDAwMDAwMDAsImRlbGV0ZSI6MTIwMDAwMDAwMDAwMCwicmVhZCI6OTAwMDAwMDAwMDAwLCJ1cGRhdGUiOjYwMDAwMDAwMDAwMH0sInNjaGVtYV92ZXJzaW9uIjoiMiJ9",
          "dependencies": [
            "data.aws_ami.ubuntu",
            "module.ec2_iam_role.aws_iam_instance_profile.this",
            "module.ec2_iam_role.aws_iam_role.this",
            "module.ec2_iam_role.data.aws_caller_identity.current",
            "module.ec2_iam_role.data.aws_iam_policy_document.this",
            "module.ec2_iam_role.data.aws_partition.current",
            "module.internal_sg.aws_security_group.this",
            "module.main_vpc.aws_subnet.private",
            "module.main_vpc.aws_subnet.public",
            "module.main_vpc.aws_vpc.this",
            "module.main_vpc.aws_vpc_ipv4_cidr_block_association.this",
            "module.monitoring_sg.aws_security_group.this",
            "module.nginx_sg.aws_security_group.this"
          ]
        },
        {
          "index_key": "monitoring",
          "schema_version": 2,
          "attributes": {
            "ami": "ami-0930f12db303154e9",
            "arn": "arn:aws:ec2:eu-north-1:903050880181:instance/i-0d9efd5da09e92379",
            "associate_public_ip_address": true,
            "availability_zone": "eu-north-1a",
            "capacity_reservation_specification": [
              {
                "capacity_reservation_preference": "open",
                "capacity_reservation_target": []
              }
            ],
            "cpu_options": [
              {
                "amd_sev_snp": "",
                "core_count": 1,
                "nested_virtualization": "",
                "threads_per_core": 2
              }
            ],
            "credit_specification": [
              {
                "cpu_credits": "unlimited"
              }
            ],
            "disable_api_stop": false,
            "disable_api_termination": false,
            "ebs_block_device": [],
            "ebs_optimized": false,
            "enable_primary_ipv6": null,
            "enclave_options": [
              {
                "enabled": false
              }
            ],
            "ephemeral_block_device": [],
            "force_destroy": false,
            "get_password_data": false,
            "hibernation": false,
            "host_id": "",
            "host_resource_group_arn": null,
            "iam_instance_profile": "ec2-role-20260627184405823300000002",
            "id": "i-0d9efd5da09e92379",
            "instance_initiated_shutdown_behavior": "stop",
            "instance_lifecycle": "",
            "instance_market_options": [],
            "instance_state": "running",
            "instance_type": "t3.micro",
            "ipv6_address_count": 0,
            "ipv6_addresses": [],
            "key_name": "kofta-eu",
            "launch_template": [],
            "maintenance_options": [
              {
                "auto_recovery": "default"
              }
            ],
            "metadata_options": [
              {
                "http_endpoint": "enabled",
                "http_protocol_ipv6": "disabled",
                "http_put_response_hop_limit": 2,
                "http_tokens": "optional",
                "instance_metadata_tags": "disabled"
              }
            ],
            "monitoring": false,
            "network_interface": [],
            "outpost_arn": "",
            "password_data": "",
            "placement_group": "",
            "placement_group_id": "",
            "placement_partition_number": 0,
            "primary_network_interface": [
              {
                "delete_on_termination": true,
                "network_interface_id": "eni-02f628ba86e951fef"
              }
            ],
            "primary_network_interface_id": "eni-02f628ba86e951fef",
            "private_dns": "ip-10-0-101-54.eu-north-1.compute.internal",
            "private_dns_name_options": [
              {
                "enable_resource_name_dns_a_record": false,
                "enable_resource_name_dns_aaaa_record": false,
                "hostname_type": "ip-name"
              }
            ],
            "private_ip": "10.0.101.54",
            "public_dns": "ec2-13-49-65-130.eu-north-1.compute.amazonaws.com",
            "public_ip": "13.49.65.130",
            "region": "eu-north-1",
            "root_block_device": [
              {
                "delete_on_termination": true,
                "device_name": "/dev/sda1",
                "encrypted": false,
                "iops": 3000,
                "kms_key_id": "",
                "tags": {},
                "tags_all": {},
                "throughput": 125,
                "volume_id": "vol-0f9030832eb193b70",
                "volume_size": 8,
                "volume_type": "gp3"
              }
            ],
            "secondary_network_interface": [],
            "secondary_private_ips": [],
            "security_groups": [],
            "source_dest_check": true,
            "spot_instance_request_id": "",
            "subnet_id": "subnet-0d6b068c05b678e94",
            "tags": {
              "Name": "monitoring",
              "Role": "monitoring"
            },
            "tags_all": {
              "Name": "monitoring",
              "Role": "monitoring"
            },
            "tenancy": "default",
            "timeouts": null,
            "user_data": null,
            "user_data_base64": null,
            "user_data_replace_on_change": false,
            "volume_tags": null,
            "vpc_security_group_ids": [
              "sg-030a528934e4f387e",
              "sg-0caa8b5bac5e1e78e"
            ]
          },
          "sensitive_attributes": [],
          "identity_schema_version": 0,
          "identity": {
            "account_id": "903050880181",
            "id": "i-0d9efd5da09e92379",
            "region": "eu-north-1"
          },
          "private": "eyJlMmJmYjczMC1lY2FhLTExZTYtOGY4OC0zNDM2M2JjN2M0YzAiOnsiY3JlYXRlIjo2MDAwMDAwMDAwMDAsImRlbGV0ZSI6MTIwMDAwMDAwMDAwMCwicmVhZCI6OTAwMDAwMDAwMDAwLCJ1cGRhdGUiOjYwMDAwMDAwMDAwMH0sInNjaGVtYV92ZXJzaW9uIjoiMiJ9",
          "dependencies": [
            "data.aws_ami.ubuntu",
            "module.ec2_iam_role.aws_iam_instance_profile.this",
            "module.ec2_iam_role.aws_iam_role.this",
            "module.ec2_iam_role.data.aws_caller_identity.current",
            "module.ec2_iam_role.data.aws_iam_policy_document.this",
            "module.ec2_iam_role.data.aws_partition.current",
            "module.internal_sg.aws_security_group.this",
            "module.main_vpc.aws_subnet.private",
            "module.main_vpc.aws_subnet.public",
            "module.main_vpc.aws_vpc.this",
            "module.main_vpc.aws_vpc_ipv4_cidr_block_association.this",
            "module.monitoring_sg.aws_security_group.this",
            "module.nginx_sg.aws_security_group.this"
          ]
        },
        {
          "index_key": "nginx1",
          "schema_version": 2,
          "attributes": {
            "ami": "ami-0930f12db303154e9",
            "arn": "arn:aws:ec2:eu-north-1:903050880181:instance/i-01bc04f5375fcb868",
            "associate_public_ip_address": true,
            "availability_zone": "eu-north-1a",
            "capacity_reservation_specification": [
              {
                "capacity_reservation_preference": "open",
                "capacity_reservation_target": []
              }
            ],
            "cpu_options": [
              {
                "amd_sev_snp": "",
                "core_count": 1,
                "nested_virtualization": "",
                "threads_per_core": 2
              }
            ],
            "credit_specification": [
              {
                "cpu_credits": "unlimited"
              }
            ],
            "disable_api_stop": false,
            "disable_api_termination": false,
            "ebs_block_device": [],
            "ebs_optimized": false,
            "enable_primary_ipv6": null,
            "enclave_options": [
              {
                "enabled": false
              }
            ],
            "ephemeral_block_device": [],
            "force_destroy": false,
            "get_password_data": false,
            "hibernation": false,
            "host_id": "",
            "host_resource_group_arn": null,
            "iam_instance_profile": "ec2-role-20260627184405823300000002",
            "id": "i-01bc04f5375fcb868",
            "instance_initiated_shutdown_behavior": "stop",
            "instance_lifecycle": "",
            "instance_market_options": [],
            "instance_state": "running",
            "instance_type": "t3.micro",
            "ipv6_address_count": 0,
            "ipv6_addresses": [],
            "key_name": "kofta-eu",
            "launch_template": [],
            "maintenance_options": [
              {
                "auto_recovery": "default"
              }
            ],
            "metadata_options": [
              {
                "http_endpoint": "enabled",
                "http_protocol_ipv6": "disabled",
                "http_put_response_hop_limit": 2,
                "http_tokens": "optional",
                "instance_metadata_tags": "disabled"
              }
            ],
            "monitoring": false,
            "network_interface": [],
            "outpost_arn": "",
            "password_data": "",
            "placement_group": "",
            "placement_group_id": "",
            "placement_partition_number": 0,
            "primary_network_interface": [
              {
                "delete_on_termination": true,
                "network_interface_id": "eni-0ae2ccd38bfb93df0"
              }
            ],
            "primary_network_interface_id": "eni-0ae2ccd38bfb93df0",
            "private_dns": "ip-10-0-101-231.eu-north-1.compute.internal",
            "private_dns_name_options": [
              {
                "enable_resource_name_dns_a_record": false,
                "enable_resource_name_dns_aaaa_record": false,
                "hostname_type": "ip-name"
              }
            ],
            "private_ip": "10.0.101.231",
            "public_dns": "ec2-56-228-17-221.eu-north-1.compute.amazonaws.com",
            "public_ip": "56.228.17.221",
            "region": "eu-north-1",
            "root_block_device": [
              {
                "delete_on_termination": true,
                "device_name": "/dev/sda1",
                "encrypted": false,
                "iops": 3000,
                "kms_key_id": "",
                "tags": {},
                "tags_all": {},
                "throughput": 125,
                "volume_id": "vol-0f4b9add5120e40cb",
                "volume_size": 8,
                "volume_type": "gp3"
              }
            ],
            "secondary_network_interface": [],
            "secondary_private_ips": [],
            "security_groups": [],
            "source_dest_check": true,
            "spot_instance_request_id": "",
            "subnet_id": "subnet-0d6b068c05b678e94",
            "tags": {
              "Name": "nginx1",
              "Role": "nginx",
              "VrrpPriority": "101",
              "VrrpRole": "MASTER"
            },
            "tags_all": {
              "Name": "nginx1",
              "Role": "nginx",
              "VrrpPriority": "101",
              "VrrpRole": "MASTER"
            },
            "tenancy": "default",
            "timeouts": null,
            "user_data": null,
            "user_data_base64": null,
            "user_data_replace_on_change": false,
            "volume_tags": null,
            "vpc_security_group_ids": [
              "sg-0caa8b5bac5e1e78e",
              "sg-0e2de996af0624625"
            ]
          },
          "sensitive_attributes": [],
          "identity_schema_version": 0,
          "identity": {
            "account_id": "903050880181",
            "id": "i-01bc04f5375fcb868",
            "region": "eu-north-1"
          },
          "private": "eyJlMmJmYjczMC1lY2FhLTExZTYtOGY4OC0zNDM2M2JjN2M0YzAiOnsiY3JlYXRlIjo2MDAwMDAwMDAwMDAsImRlbGV0ZSI6MTIwMDAwMDAwMDAwMCwicmVhZCI6OTAwMDAwMDAwMDAwLCJ1cGRhdGUiOjYwMDAwMDAwMDAwMH0sInNjaGVtYV92ZXJzaW9uIjoiMiJ9",
          "dependencies": [
            "data.aws_ami.ubuntu",
            "module.ec2_iam_role.aws_iam_instance_profile.this",
            "module.ec2_iam_role.aws_iam_role.this",
            "module.ec2_iam_role.data.aws_caller_identity.current",
            "module.ec2_iam_role.data.aws_iam_policy_document.this",
            "module.ec2_iam_role.data.aws_partition.current",
            "module.internal_sg.aws_security_group.this",
            "module.main_vpc.aws_subnet.private",
            "module.main_vpc.aws_subnet.public",
            "module.main_vpc.aws_vpc.this",
            "module.main_vpc.aws_vpc_ipv4_cidr_block_association.this",
            "module.monitoring_sg.aws_security_group.this",
            "module.nginx_sg.aws_security_group.this"
          ]
        },
        {
          "index_key": "nginx2",
          "schema_version": 2,
          "attributes": {
            "ami": "ami-0930f12db303154e9",
            "arn": "arn:aws:ec2:eu-north-1:903050880181:instance/i-0f830ef2705caf935",
            "associate_public_ip_address": true,
            "availability_zone": "eu-north-1a",
            "capacity_reservation_specification": [
              {
                "capacity_reservation_preference": "open",
                "capacity_reservation_target": []
              }
            ],
            "cpu_options": [
              {
                "amd_sev_snp": "",
                "core_count": 1,
                "nested_virtualization": "",
                "threads_per_core": 2
              }
            ],
            "credit_specification": [
              {
                "cpu_credits": "unlimited"
              }
            ],
            "disable_api_stop": false,
            "disable_api_termination": false,
            "ebs_block_device": [],
            "ebs_optimized": false,
            "enable_primary_ipv6": null,
            "enclave_options": [
              {
                "enabled": false
              }
            ],
            "ephemeral_block_device": [],
            "force_destroy": false,
            "get_password_data": false,
            "hibernation": false,
            "host_id": "",
            "host_resource_group_arn": null,
            "iam_instance_profile": "ec2-role-20260627184405823300000002",
            "id": "i-0f830ef2705caf935",
            "instance_initiated_shutdown_behavior": "stop",
            "instance_lifecycle": "",
            "instance_market_options": [],
            "instance_state": "running",
            "instance_type": "t3.micro",
            "ipv6_address_count": 0,
            "ipv6_addresses": [],
            "key_name": "kofta-eu",
            "launch_template": [],
            "maintenance_options": [
              {
                "auto_recovery": "default"
              }
            ],
            "metadata_options": [
              {
                "http_endpoint": "enabled",
                "http_protocol_ipv6": "disabled",
                "http_put_response_hop_limit": 2,
                "http_tokens": "optional",
                "instance_metadata_tags": "disabled"
              }
            ],
            "monitoring": false,
            "network_interface": [],
            "outpost_arn": "",
            "password_data": "",
            "placement_group": "",
            "placement_group_id": "",
            "placement_partition_number": 0,
            "primary_network_interface": [
              {
                "delete_on_termination": true,
                "network_interface_id": "eni-0152568ee65945137"
              }
            ],
            "primary_network_interface_id": "eni-0152568ee65945137",
            "private_dns": "ip-10-0-101-216.eu-north-1.compute.internal",
            "private_dns_name_options": [
              {
                "enable_resource_name_dns_a_record": false,
                "enable_resource_name_dns_aaaa_record": false,
                "hostname_type": "ip-name"
              }
            ],
            "private_ip": "10.0.101.216",
            "public_dns": "ec2-13-60-242-174.eu-north-1.compute.amazonaws.com",
            "public_ip": "13.60.242.174",
            "region": "eu-north-1",
            "root_block_device": [
              {
                "delete_on_termination": true,
                "device_name": "/dev/sda1",
                "encrypted": false,
                "iops": 3000,
                "kms_key_id": "",
                "tags": {},
                "tags_all": {},
                "throughput": 125,
                "volume_id": "vol-0095107d132298846",
                "volume_size": 8,
                "volume_type": "gp3"
              }
            ],
            "secondary_network_interface": [],
            "secondary_private_ips": [],
            "security_groups": [],
            "source_dest_check": true,
            "spot_instance_request_id": "",
            "subnet_id": "subnet-0d6b068c05b678e94",
            "tags": {
              "Name": "nginx2",
              "Role": "nginx",
              "VrrpPriority": "100",
              "VrrpRole": "BACKUP"
            },
            "tags_all": {
              "Name": "nginx2",
              "Role": "nginx",
              "VrrpPriority": "100",
              "VrrpRole": "BACKUP"
            },
            "tenancy": "default",
            "timeouts": null,
            "user_data": null,
            "user_data_base64": null,
            "user_data_replace_on_change": false,
            "volume_tags": null,
            "vpc_security_group_ids": [
              "sg-0caa8b5bac5e1e78e",
              "sg-0e2de996af0624625"
            ]
          },
          "sensitive_attributes": [],
          "identity_schema_version": 0,
          "identity": {
            "account_id": "903050880181",
            "id": "i-0f830ef2705caf935",
            "region": "eu-north-1"
          },
          "private": "eyJlMmJmYjczMC1lY2FhLTExZTYtOGY4OC0zNDM2M2JjN2M0YzAiOnsiY3JlYXRlIjo2MDAwMDAwMDAwMDAsImRlbGV0ZSI6MTIwMDAwMDAwMDAwMCwicmVhZCI6OTAwMDAwMDAwMDAwLCJ1cGRhdGUiOjYwMDAwMDAwMDAwMH0sInNjaGVtYV92ZXJzaW9uIjoiMiJ9",
          "dependencies": [
            "data.aws_ami.ubuntu",
            "module.ec2_iam_role.aws_iam_instance_profile.this",
            "module.ec2_iam_role.aws_iam_role.this",
            "module.ec2_iam_role.data.aws_caller_identity.current",
            "module.ec2_iam_role.data.aws_iam_policy_document.this",
            "module.ec2_iam_role.data.aws_partition.current",
            "module.internal_sg.aws_security_group.this",
            "module.main_vpc.aws_subnet.private",
            "module.main_vpc.aws_subnet.public",
            "module.main_vpc.aws_vpc.this",
            "module.main_vpc.aws_vpc_ipv4_cidr_block_association.this",
            "module.monitoring_sg.aws_security_group.this",
            "module.nginx_sg.aws_security_group.this"
          ]
        }
      ]
    },
    {
      "mode": "managed",
      "type": "local_file",
      "name": "ansible_inventory_json",
      "provider": "provider[\"registry.terraform.io/hashicorp/local\"]",
      "instances": [
        {
          "schema_version": 0,
          "attributes": {
            "content": "{\"all\":{\"children\":{\"backend\":{\"children\":{},\"hosts\":{\"backend\":{\"ansible_host\":\"10.0.1.49\"}},\"vars\":{\"workload_path\":\"../../../services\"}},\"keepalived\":{\"children\":{\"backup\":{\"hosts\":{\"nginx2\":{\"ansible_host\":\"10.0.101.216\"}},\"vars\":{\"vrrp_priority\":\"100\",\"vrrp_role\":\"BACKUP\"}},\"master\":{\"hosts\":{\"nginx1\":{\"ansible_host\":\"10.0.101.231\"}},\"vars\":{\"vrrp_priority\":\"101\",\"vrrp_role\":\"MASTER\"}}},\"vars\":{\"vip_allocation_id\":\"eipalloc-0ce3d88267394c99e\"}},\"monitoring\":{\"children\":{},\"hosts\":{\"monitoring\":{\"ansible_host\":\"13.49.65.130\"}}},\"nginx\":{\"children\":{},\"hosts\":{\"nginx1\":{\"ansible_host\":\"10.0.101.231\"},\"nginx2\":{\"ansible_host\":\"10.0.101.216\"}}}},\"vars\":{\"ansible_private_key_file\":\"/home/kofta/Downloads/kofta-eu1.pem\",\"ansible_ssh_common_args\":\"-o StrictHostKeyChecking=no -o UserKnownHostsFile=/dev/null -o ProxyCommand=\\\"ssh -i /home/kofta/Downloads/kofta-eu1.pem -W %h:%p -q ubuntu@13.49.65.130 -o StrictHostKeyChecking=no\\\"\",\"ansible_user\":\"ubuntu\",\"env_type\":\"aws\"}}}",
            "content_base64": null,
            "content_base64sha256": "lvN+DEsbiX2mRCnJDejTCz1OelpbX7HMXGUnT+TX2F4=",
            "content_base64sha512": "b7aH1NLuNtf8GzWNA8rB7wQ7pklrr8d1V9sFXUplSwbqSfjwVlv6QTfTdYUXNyAfcYaC2Z3MejePDC1KM9mznw==",
            "content_md5": "d8e16ba6b6e78f933a96df25197635f1",
            "content_sha1": "29bfcb70d783cfb31075853d7fc5226228f7dcf1",
            "content_sha256": "96f37e0c4b1b897da64429c90de8d30b3d4e7a5a5b5fb1cc5c65274fe4d7d85e",
            "content_sha512": "6fb687d4d2ee36d7fc1b358d03cac1ef043ba6496bafc77557db055d4a654b06ea49f8f0565bfa4137d375851737201f718682d99dcc7a378f0c2d4a33d9b39f",
            "directory_permission": "0777",
            "file_permission": "0777",
            "filename": "./inventory.json",
            "id": "29bfcb70d783cfb31075853d7fc5226228f7dcf1",
            "sensitive_content": null,
            "source": null
          },
          "sensitive_attributes": [
            [
              {
                "type": "get_attr",
                "value": "content"
              }
            ],
            [
              {
                "type": "get_attr",
                "value": "sensitive_content"
              }
            ]
          ],
          "identity_schema_version": 0,
          "dependencies": [
            "aws_eip.nginx_vip",
            "aws_instance.infra",
            "data.ansible_inventory.infra_inventory",
            "data.aws_ami.ubuntu",
            "module.ec2_iam_role.aws_iam_instance_profile.this",
            "module.ec2_iam_role.aws_iam_role.this",
            "module.ec2_iam_role.data.aws_caller_identity.current",
            "module.ec2_iam_role.data.aws_iam_policy_document.this",
            "module.ec2_iam_role.data.aws_partition.current",
            "module.internal_sg.aws_security_group.this",
            "module.main_vpc.aws_subnet.private",
            "module.main_vpc.aws_subnet.public",
            "module.main_vpc.aws_vpc.this",
            "module.main_vpc.aws_vpc_ipv4_cidr_block_association.this",
            "module.monitoring_sg.aws_security_group.this",
            "module.nginx_sg.aws_security_group.this"
          ]
        }
      ]
    },
    {
      "module": "module.ec2_iam_role",
      "mode": "data",
      "type": "aws_caller_identity",
      "name": "current",
      "provider": "provider[\"registry.terraform.io/hashicorp/aws\"]",
      "instances": [
        {
          "index_key": 0,
          "schema_version": 0,
          "attributes": {
            "account_id": "903050880181",
            "arn": "arn:aws:iam::903050880181:user/kofta",
            "id": "903050880181",
            "user_id": "AIDA5EQQG4S2RDXSSS2RV"
          },
          "sensitive_attributes": [],
          "identity_schema_version": 0
        }
      ]
    },
    {
      "module": "module.ec2_iam_role",
      "mode": "data",
      "type": "aws_iam_policy_document",
      "name": "inline",
      "provider": "provider[\"registry.terraform.io/hashicorp/aws\"]",
      "instances": [
        {
          "index_key": 0,
          "schema_version": 0,
          "attributes": {
            "id": "3550783558",
            "json": "{\n  \"Version\": \"2012-10-17\",\n  \"Statement\": [\n    {\n      \"Sid\": \"AllowAssociateDisassociateEip\",\n      \"Effect\": \"Allow\",\n      \"Action\": [\n        \"ec2:DisassociateAddress\",\n        \"ec2:AssociateAddress\"\n      ],\n      \"Resource\": \"*\"\n    }\n  ]\n}",
            "minified_json": "{\"Version\":\"2012-10-17\",\"Statement\":[{\"Sid\":\"AllowAssociateDisassociateEip\",\"Effect\":\"Allow\",\"Action\":[\"ec2:DisassociateAddress\",\"ec2:AssociateAddress\"],\"Resource\":\"*\"}]}",
            "override_json": null,
            "override_policy_documents": null,
            "policy_id": null,
            "source_json": null,
            "source_policy_documents": null,
            "statement": [
              {
                "actions": [
                  "ec2:AssociateAddress",
                  "ec2:DisassociateAddress"
                ],
                "condition": [],
                "effect": "Allow",
                "not_actions": [],
                "not_principals": [],
                "not_resources": [],
                "principals": [],
                "resources": [
                  "*"
                ],
                "sid": "AllowAssociateDisassociateEip"
              }
            ],
            "version": "2012-10-17"
          },
          "sensitive_attributes": [],
          "identity_schema_version": 0
        }
      ]
    },
    {
      "module": "module.ec2_iam_role",
      "mode": "data",
      "type": "aws_iam_policy_document",
      "name": "this",
      "provider": "provider[\"registry.terraform.io/hashicorp/aws\"]",
      "instances": [
        {
          "index_key": 0,
          "schema_version": 0,
          "attributes": {
            "id": "1186519591",
            "json": "{\n  \"Version\": \"2012-10-17\",\n  \"Statement\": [\n    {\n      \"Sid\": \"AllowEC2ToAssume\",\n      \"Effect\": \"Allow\",\n      \"Action\": \"sts:AssumeRole\",\n      \"Principal\": {\n        \"Service\": \"ec2.amazonaws.com\"\n      }\n    }\n  ]\n}",
            "minified_json": "{\"Version\":\"2012-10-17\",\"Statement\":[{\"Sid\":\"AllowEC2ToAssume\",\"Effect\":\"Allow\",\"Action\":\"sts:AssumeRole\",\"Principal\":{\"Service\":\"ec2.amazonaws.com\"}}]}",
            "override_json": null,
            "override_policy_documents": null,
            "policy_id": null,
            "source_json": null,
            "source_policy_documents": null,
            "statement": [
              {
                "actions": [
                  "sts:AssumeRole"
                ],
                "condition": [],
                "effect": "Allow",
                "not_actions": [],
                "not_principals": [],
                "not_resources": [],
                "principals": [
                  {
                    "identifiers": [
                      "ec2.amazonaws.com"
                    ],
                    "type": "Service"
                  }
                ],
                "resources": [],
                "sid": "AllowEC2ToAssume"
              }
            ],
            "version": "2012-10-17"
          },
          "sensitive_attributes": [],
          "identity_schema_version": 0
        }
      ]
    },
    {
      "module": "module.ec2_iam_role",
      "mode": "data",
      "type": "aws_partition",
      "name": "current",
      "provider": "provider[\"registry.terraform.io/hashicorp/aws\"]",
      "instances": [
        {
          "index_key": 0,
          "schema_version": 0,
          "attributes": {
            "dns_suffix": "amazonaws.com",
            "id": "aws",
            "partition": "aws",
            "reverse_dns_prefix": "com.amazonaws"
          },
          "sensitive_attributes": [],
          "identity_schema_version": 0
        }
      ]
    },
    {
      "module": "module.ec2_iam_role",
      "mode": "managed",
      "type": "aws_iam_instance_profile",
      "name": "this",
      "provider": "provider[\"registry.terraform.io/hashicorp/aws\"]",
      "instances": [
        {
          "index_key": 0,
          "schema_version": 0,
          "attributes": {
            "arn": "arn:aws:iam::903050880181:instance-profile/ec2-role-20260627184405823300000002",
            "create_date": "2026-06-27T18:44:06Z",
            "id": "ec2-role-20260627184405823300000002",
            "name": "ec2-role-20260627184405823300000002",
            "name_prefix": "ec2-role-",
            "path": "/",
            "role": "ec2-role-20260627184404642800000001",
            "tags": {},
            "tags_all": {},
            "unique_id": "AIPA5EQQG4S2W5G3763NC"
          },
          "sensitive_attributes": [],
          "identity_schema_version": 0,
          "identity": {
            "account_id": "903050880181",
            "name": "ec2-role-20260627184405823300000002"
          },
          "private": "bnVsbA==",
          "dependencies": [
            "module.ec2_iam_role.aws_iam_role.this",
            "module.ec2_iam_role.data.aws_caller_identity.current",
            "module.ec2_iam_role.data.aws_iam_policy_document.this",
            "module.ec2_iam_role.data.aws_partition.current"
          ],
          "create_before_destroy": true
        }
      ]
    },
    {
      "module": "module.ec2_iam_role",
      "mode": "managed",
      "type": "aws_iam_role",
      "name": "this",
      "provider": "provider[\"registry.terraform.io/hashicorp/aws\"]",
      "instances": [
        {
          "index_key": 0,
          "schema_version": 0,
          "attributes": {
            "arn": "arn:aws:iam::903050880181:role/ec2-role-20260627184404642800000001",
            "assume_role_policy": "{\"Statement\":[{\"Action\":\"sts:AssumeRole\",\"Effect\":\"Allow\",\"Principal\":{\"Service\":\"ec2.amazonaws.com\"},\"Sid\":\"AllowEC2ToAssume\"}],\"Version\":\"2012-10-17\"}",
            "create_date": "2026-06-27T18:44:05Z",
            "description": "",
            "force_detach_policies": true,
            "id": "ec2-role-20260627184404642800000001",
            "inline_policy": [
              {
                "name": "ec2-role-20260627184405823400000003",
                "policy": "{\"Version\":\"2012-10-17\",\"Statement\":[{\"Action\":[\"ec2:DisassociateAddress\",\"ec2:AssociateAddress\"],\"Effect\":\"Allow\",\"Resource\":\"*\",\"Sid\":\"AllowAssociateDisassociateEip\"}]}"
              }
            ],
            "managed_policy_arns": [],
            "max_session_duration": 3600,
            "name": "ec2-role-20260627184404642800000001",
            "name_prefix": "ec2-role-",
            "path": "/",
            "permissions_boundary": "",
            "tags": {},
            "tags_all": {},
            "unique_id": "AROA5EQQG4S2VOQAM4MAZ"
          },
          "sensitive_attributes": [],
          "identity_schema_version": 0,
          "identity": {
            "account_id": "903050880181",
            "name": "ec2-role-20260627184404642800000001"
          },
          "private": "bnVsbA==",
          "dependencies": [
            "module.ec2_iam_role.data.aws_caller_identity.current",
            "module.ec2_iam_role.data.aws_iam_policy_document.this",
            "module.ec2_iam_role.data.aws_partition.current"
          ],
          "create_before_destroy": true
        }
      ]
    },
    {
      "module": "module.ec2_iam_role",
      "mode": "managed",
      "type": "aws_iam_role_policy",
      "name": "inline",
      "provider": "provider[\"registry.terraform.io/hashicorp/aws\"]",
      "instances": [
        {
          "index_key": 0,
          "schema_version": 0,
          "attributes": {
            "id": "ec2-role-20260627184404642800000001:ec2-role-20260627184405823400000003",
            "name": "ec2-role-20260627184405823400000003",
            "name_prefix": "ec2-role-",
            "policy": "{\"Version\":\"2012-10-17\",\"Statement\":[{\"Action\":[\"ec2:DisassociateAddress\",\"ec2:AssociateAddress\"],\"Effect\":\"Allow\",\"Resource\":\"*\",\"Sid\":\"AllowAssociateDisassociateEip\"}]}",
            "role": "ec2-role-20260627184404642800000001"
          },
          "sensitive_attributes": [],
          "identity_schema_version": 0,
          "identity": {
            "account_id": "903050880181",
            "name": "ec2-role-20260627184405823400000003",
            "role": "ec2-role-20260627184404642800000001"
          },
          "private": "bnVsbA==",
          "dependencies": [
            "module.ec2_iam_role.aws_iam_role.this",
            "module.ec2_iam_role.data.aws_caller_identity.current",
            "module.ec2_iam_role.data.aws_iam_policy_document.inline",
            "module.ec2_iam_role.data.aws_iam_policy_document.this",
            "module.ec2_iam_role.data.aws_partition.current"
          ]
        }
      ]
    },
    {
      "module": "module.internal_sg",
      "mode": "managed",
      "type": "aws_security_group",
      "name": "this",
      "provider": "provider[\"registry.terraform.io/hashicorp/aws\"]",
      "instances": [
        {
          "index_key": 0,
          "schema_version": 1,
          "attributes": {
            "arn": "arn:aws:ec2:eu-north-1:903050880181:security-group/sg-0caa8b5bac5e1e78e",
            "description": "Security Group for internal communication",
            "egress": [
              {
                "cidr_blocks": [],
                "description": "All protocols to self",
                "from_port": 0,
                "ipv6_cidr_blocks": [],
                "prefix_list_ids": [],
                "protocol": "-1",
                "security_groups": [],
                "self": true,
                "to_port": 0
              }
            ],
            "id": "sg-0caa8b5bac5e1e78e",
            "ingress": [
              {
                "cidr_blocks": [
                  "10.0.0.0/16"
                ],
                "description": "",
                "from_port": 22,
                "ipv6_cidr_blocks": [],
                "prefix_list_ids": [],
                "protocol": "tcp",
                "security_groups": [],
                "self": false,
                "to_port": 22
              },
              {
                "cidr_blocks": [],
                "description": "All protocols from self",
                "from_port": 0,
                "ipv6_cidr_blocks": [],
                "prefix_list_ids": [],
                "protocol": "-1",
                "security_groups": [],
                "self": true,
                "to_port": 0
              }
            ],
            "name": "internal-sg-20260627184407902600000007",
            "name_prefix": "internal-sg-",
            "owner_id": "903050880181",
            "region": "eu-north-1",
            "revoke_rules_on_delete": false,
            "tags": {},
            "tags_all": {},
            "timeouts": null,
            "vpc_id": "vpc-038dd7e6b6b2f405d"
          },
          "sensitive_attributes": [],
          "identity_schema_version": 0,
          "identity": {
            "account_id": "903050880181",
            "id": "sg-0caa8b5bac5e1e78e",
            "region": "eu-north-1"
          },
          "private": "eyJlMmJmYjczMC1lY2FhLTExZTYtOGY4OC0zNDM2M2JjN2M0YzAiOnsiY3JlYXRlIjo2MDAwMDAwMDAwMDAsImRlbGV0ZSI6OTAwMDAwMDAwMDAwfSwic2NoZW1hX3ZlcnNpb24iOiIxIn0=",
          "dependencies": [
            "module.main_vpc.aws_vpc.this"
          ],
          "create_before_destroy": true
        }
      ]
    },
    {
      "module": "module.internal_sg",
      "mode": "managed",
      "type": "aws_vpc_security_group_egress_rule",
      "name": "this",
      "provider": "provider[\"registry.terraform.io/hashicorp/aws\"]",
      "instances": [
        {
          "index_key": "all-to-self",
          "schema_version": 0,
          "attributes": {
            "arn": "arn:aws:ec2:eu-north-1:903050880181:security-group-rule/sgr-0fc780920329cc06a",
            "cidr_ipv4": null,
            "cidr_ipv6": null,
            "description": "All protocols to self",
            "from_port": null,
            "id": "sgr-0fc780920329cc06a",
            "ip_protocol": "-1",
            "prefix_list_id": null,
            "referenced_security_group_id": "sg-0caa8b5bac5e1e78e",
            "region": "eu-north-1",
            "security_group_id": "sg-0caa8b5bac5e1e78e",
            "security_group_rule_id": "sgr-0fc780920329cc06a",
            "tags": {
              "Name": "all-to-self"
            },
            "tags_all": {
              "Name": "all-to-self"
            },
            "to_port": null
          },
          "sensitive_attributes": [],
          "identity_schema_version": 0,
          "identity": {
            "account_id": "903050880181",
            "id": "sgr-0fc780920329cc06a",
            "region": "eu-north-1"
          },
          "dependencies": [
            "module.internal_sg.aws_security_group.this",
            "module.main_vpc.aws_vpc.this"
          ]
        }
      ]
    },
    {
      "module": "module.internal_sg",
      "mode": "managed",
      "type": "aws_vpc_security_group_ingress_rule",
      "name": "this",
      "provider": "provider[\"registry.terraform.io/hashicorp/aws\"]",
      "instances": [
        {
          "index_key": "all-from-self",
          "schema_version": 0,
          "attributes": {
            "arn": "arn:aws:ec2:eu-north-1:903050880181:security-group-rule/sgr-04ad2468e225612a0",
            "cidr_ipv4": null,
            "cidr_ipv6": null,
            "description": "All protocols from self",
            "from_port": null,
            "id": "sgr-04ad2468e225612a0",
            "ip_protocol": "-1",
            "prefix_list_id": null,
            "referenced_security_group_id": "sg-0caa8b5bac5e1e78e",
            "region": "eu-north-1",
            "security_group_id": "sg-0caa8b5bac5e1e78e",
            "security_group_rule_id": "sgr-04ad2468e225612a0",
            "tags": {
              "Name": "all-from-self"
            },
            "tags_all": {
              "Name": "all-from-self"
            },
            "to_port": null
          },
          "sensitive_attributes": [],
          "identity_schema_version": 0,
          "identity": {
            "account_id": "903050880181",
            "id": "sgr-04ad2468e225612a0",
            "region": "eu-north-1"
          },
          "dependencies": [
            "module.internal_sg.aws_security_group.this",
            "module.main_vpc.aws_vpc.this"
          ]
        },
        {
          "index_key": "ssh",
          "schema_version": 0,
          "attributes": {
            "arn": "arn:aws:ec2:eu-north-1:903050880181:security-group-rule/sgr-0338d383c256d887b",
            "cidr_ipv4": "10.0.0.0/16",
            "cidr_ipv6": null,
            "description": null,
            "from_port": 22,
            "id": "sgr-0338d383c256d887b",
            "ip_protocol": "tcp",
            "prefix_list_id": null,
            "referenced_security_group_id": null,
            "region": "eu-north-1",
            "security_group_id": "sg-0caa8b5bac5e1e78e",
            "security_group_rule_id": "sgr-0338d383c256d887b",
            "tags": {
              "Name": "ssh"
            },
            "tags_all": {
              "Name": "ssh"
            },
            "to_port": 22
          },
          "sensitive_attributes": [],
          "identity_schema_version": 0,
          "identity": {
            "account_id": "903050880181",
            "id": "sgr-0338d383c256d887b",
            "region": "eu-north-1"
          },
          "dependencies": [
            "module.internal_sg.aws_security_group.this",
            "module.main_vpc.aws_vpc.this"
          ]
        }
      ]
    },
    {
      "module": "module.internal_sg",
      "mode": "managed",
      "type": "aws_vpc_security_group_rules_exclusive",
      "name": "this",
      "provider": "provider[\"registry.terraform.io/hashicorp/aws\"]",
      "instances": [
        {
          "index_key": 0,
          "schema_version": 0,
          "attributes": {
            "egress_rule_ids": [
              "sgr-0fc780920329cc06a"
            ],
            "ingress_rule_ids": [
              "sgr-0338d383c256d887b",
              "sgr-04ad2468e225612a0"
            ],
            "region": "eu-north-1",
            "security_group_id": "sg-0caa8b5bac5e1e78e"
          },
          "sensitive_attributes": [],
          "identity_schema_version": 0,
          "dependencies": [
            "module.internal_sg.aws_security_group.this",
            "module.internal_sg.aws_vpc_security_group_egress_rule.this",
            "module.internal_sg.aws_vpc_security_group_ingress_rule.this",
            "module.main_vpc.aws_vpc.this"
          ]
        }
      ]
    },
    {
      "module": "module.main_vpc",
      "mode": "managed",
      "type": "aws_default_network_acl",
      "name": "this",
      "provider": "provider[\"registry.terraform.io/hashicorp/aws\"]",
      "instances": [
        {
          "index_key": 0,
          "schema_version": 0,
          "attributes": {
            "arn": "arn:aws:ec2:eu-north-1:903050880181:network-acl/acl-0ffd05ffbca08044a",
            "default_network_acl_id": "acl-0ffd05ffbca08044a",
            "egress": [
              {
                "action": "allow",
                "cidr_block": "",
                "from_port": 0,
                "icmp_code": 0,
                "icmp_type": 0,
                "ipv6_cidr_block": "::/0",
                "protocol": "-1",
                "rule_no": 101,
                "to_port": 0
              },
              {
                "action": "allow",
                "cidr_block": "0.0.0.0/0",
                "from_port": 0,
                "icmp_code": 0,
                "icmp_type": 0,
                "ipv6_cidr_block": "",
                "protocol": "-1",
                "rule_no": 100,
                "to_port": 0
              }
            ],
            "id": "acl-0ffd05ffbca08044a",
            "ingress": [
              {
                "action": "allow",
                "cidr_block": "",
                "from_port": 0,
                "icmp_code": 0,
                "icmp_type": 0,
                "ipv6_cidr_block": "::/0",
                "protocol": "-1",
                "rule_no": 101,
                "to_port": 0
              },
              {
                "action": "allow",
                "cidr_block": "0.0.0.0/0",
                "from_port": 0,
                "icmp_code": 0,
                "icmp_type": 0,
                "ipv6_cidr_block": "",
                "protocol": "-1",
                "rule_no": 100,
                "to_port": 0
              }
            ],
            "owner_id": "903050880181",
            "region": "eu-north-1",
            "subnet_ids": [
              "subnet-092d3e5290cfe20e5",
              "subnet-0d6b068c05b678e94"
            ],
            "tags": {
              "Name": "main_vpc-default"
            },
            "tags_all": {
              "Name": "main_vpc-default"
            },
            "vpc_id": "vpc-038dd7e6b6b2f405d"
          },
          "sensitive_attributes": [],
          "identity_schema_version": 0,
          "private": "bnVsbA==",
          "dependencies": [
            "module.main_vpc.aws_vpc.this"
          ]
        }
      ]
    },
    {
      "module": "module.main_vpc",
      "mode": "managed",
      "type": "aws_default_route_table",
      "name": "default",
      "provider": "provider[\"registry.terraform.io/hashicorp/aws\"]",
      "instances": [
        {
          "index_key": 0,
          "schema_version": 0,
          "attributes": {
            "arn": "arn:aws:ec2:eu-north-1:903050880181:route-table/rtb-06cbb581af2822d36",
            "default_route_table_id": "rtb-06cbb581af2822d36",
            "id": "rtb-06cbb581af2822d36",
            "owner_id": "903050880181",
            "propagating_vgws": [],
            "region": "eu-north-1",
            "route": [],
            "tags": {
              "Name": "main_vpc-default"
            },
            "tags_all": {
              "Name": "main_vpc-default"
            },
            "timeouts": {
              "create": "5m",
              "update": "5m"
            },
            "vpc_id": "vpc-038dd7e6b6b2f405d"
          },
          "sensitive_attributes": [],
          "identity_schema_version": 0,
          "private": "eyJlMmJmYjczMC1lY2FhLTExZTYtOGY4OC0zNDM2M2JjN2M0YzAiOnsiY3JlYXRlIjozMDAwMDAwMDAwMDAsInVwZGF0ZSI6MzAwMDAwMDAwMDAwfX0=",
          "dependencies": [
            "module.main_vpc.aws_vpc.this"
          ]
        }
      ]
    },
    {
      "module": "module.main_vpc",
      "mode": "managed",
      "type": "aws_default_security_group",
      "name": "this",
      "provider": "provider[\"registry.terraform.io/hashicorp/aws\"]",
      "instances": [
        {
          "index_key": 0,
          "schema_version": 1,
          "attributes": {
            "arn": "arn:aws:ec2:eu-north-1:903050880181:security-group/sg-054cd80225f5829df",
            "description": "default VPC security group",
            "egress": [],
            "id": "sg-054cd80225f5829df",
            "ingress": [],
            "name": "default",
            "name_prefix": "",
            "owner_id": "903050880181",
            "region": "eu-north-1",
            "revoke_rules_on_delete": false,
            "tags": {
              "Name": "main_vpc-default"
            },
            "tags_all": {
              "Name": "main_vpc-default"
            },
            "vpc_id": "vpc-038dd7e6b6b2f405d"
          },
          "sensitive_attributes": [],
          "identity_schema_version": 0,
          "private": "eyJzY2hlbWFfdmVyc2lvbiI6IjEifQ==",
          "dependencies": [
            "module.main_vpc.aws_vpc.this"
          ]
        }
      ]
    },
    {
      "module": "module.main_vpc",
      "mode": "managed",
      "type": "aws_eip",
      "name": "nat",
      "provider": "provider[\"registry.terraform.io/hashicorp/aws\"]",
      "instances": [
        {
          "index_key": 0,
          "schema_version": 0,
          "attributes": {
            "address": null,
            "allocation_id": "eipalloc-0c9e916137a56f661",
            "arn": "arn:aws:ec2:eu-north-1:903050880181:elastic-ip/eipalloc-0c9e916137a56f661",
            "associate_with_private_ip": null,
            "association_id": "eipassoc-02e7159324296cae5",
            "carrier_ip": "",
            "customer_owned_ip": "",
            "customer_owned_ipv4_pool": "",
            "domain": "vpc",
            "id": "eipalloc-0c9e916137a56f661",
            "instance": "",
            "ipam_pool_id": "",
            "network_border_group": "eu-north-1",
            "network_interface": "eni-0214ed6bcb040c24c",
            "private_dns": "ip-10-0-101-18.eu-north-1.compute.internal",
            "private_ip": "10.0.101.18",
            "ptr_record": "",
            "public_dns": "ec2-16-16-177-5.eu-north-1.compute.amazonaws.com",
            "public_ip": "16.16.177.5",
            "public_ipv4_pool": "amazon",
            "region": "eu-north-1",
            "tags": {
              "Name": "main_vpc-eu-north-1a"
            },
            "tags_all": {
              "Name": "main_vpc-eu-north-1a"
            },
            "timeouts": null
          },
          "sensitive_attributes": [],
          "identity_schema_version": 0,
          "identity": {
            "account_id": "903050880181",
            "id": "eipalloc-0c9e916137a56f661",
            "region": "eu-north-1"
          },
          "private": "eyJlMmJmYjczMC1lY2FhLTExZTYtOGY4OC0zNDM2M2JjN2M0YzAiOnsiZGVsZXRlIjoxODAwMDAwMDAwMDAsInJlYWQiOjkwMDAwMDAwMDAwMCwidXBkYXRlIjozMDAwMDAwMDAwMDB9fQ==",
          "dependencies": [
            "module.main_vpc.aws_internet_gateway.this",
            "module.main_vpc.aws_vpc.this",
            "module.main_vpc.aws_vpc_ipv4_cidr_block_association.this"
          ]
        }
      ]
    },
    {
      "module": "module.main_vpc",
      "mode": "managed",
      "type": "aws_internet_gateway",
      "name": "this",
      "provider": "provider[\"registry.terraform.io/hashicorp/aws\"]",
      "instances": [
        {
          "index_key": 0,
          "schema_version": 0,
          "attributes": {
            "arn": "arn:aws:ec2:eu-north-1:903050880181:internet-gateway/igw-0209d76ffeb391813",
            "id": "igw-0209d76ffeb391813",
            "owner_id": "903050880181",
            "region": "eu-north-1",
            "tags": {
              "Name": "main_vpc"
            },
            "tags_all": {
              "Name": "main_vpc"
            },
            "timeouts": null,
            "vpc_id": "vpc-038dd7e6b6b2f405d"
          },
          "sensitive_attributes": [],
          "identity_schema_version": 0,
          "identity": {
            "account_id": "903050880181",
            "id": "igw-0209d76ffeb391813",
            "region": "eu-north-1"
          },
          "private": "eyJlMmJmYjczMC1lY2FhLTExZTYtOGY4OC0zNDM2M2JjN2M0YzAiOnsiY3JlYXRlIjoxMjAwMDAwMDAwMDAwLCJkZWxldGUiOjEyMDAwMDAwMDAwMDAsInVwZGF0ZSI6MTIwMDAwMDAwMDAwMH19",
          "dependencies": [
            "module.main_vpc.aws_vpc.this",
            "module.main_vpc.aws_vpc_ipv4_cidr_block_association.this"
          ]
        }
      ]
    },
    {
      "module": "module.main_vpc",
      "mode": "managed",
      "type": "aws_nat_gateway",
      "name": "this",
      "provider": "provider[\"registry.terraform.io/hashicorp/aws\"]",
      "instances": [
        {
          "index_key": 0,
          "schema_version": 0,
          "attributes": {
            "allocation_id": "eipalloc-0c9e916137a56f661",
            "association_id": "eipassoc-02e7159324296cae5",
            "auto_provision_zones": null,
            "auto_scaling_ips": null,
            "availability_mode": "zonal",
            "availability_zone_address": [],
            "connectivity_type": "public",
            "id": "nat-002e9a8d70705c598",
            "network_interface_id": "eni-0214ed6bcb040c24c",
            "private_ip": "10.0.101.18",
            "public_ip": "16.16.177.5",
            "region": "eu-north-1",
            "regional_nat_gateway_address": [],
            "regional_nat_gateway_auto_mode": null,
            "route_table_id": null,
            "secondary_allocation_ids": [],
            "secondary_private_ip_address_count": 0,
            "secondary_private_ip_addresses": [],
            "subnet_id": "subnet-0d6b068c05b678e94",
            "tags": {
              "Name": "main_vpc-eu-north-1a"
            },
            "tags_all": {
              "Name": "main_vpc-eu-north-1a"
            },
            "timeouts": null,
            "vpc_id": "vpc-038dd7e6b6b2f405d"
          },
          "sensitive_attributes": [],
          "identity_schema_version": 0,
          "identity": {
            "account_id": "903050880181",
            "id": "nat-002e9a8d70705c598",
            "region": "eu-north-1"
          },
          "private": "eyJlMmJmYjczMC1lY2FhLTExZTYtOGY4OC0zNDM2M2JjN2M0YzAiOnsiY3JlYXRlIjo2MDAwMDAwMDAwMDAsImRlbGV0ZSI6MTgwMDAwMDAwMDAwMCwidXBkYXRlIjo2MDAwMDAwMDAwMDB9fQ==",
          "dependencies": [
            "module.main_vpc.aws_eip.nat",
            "module.main_vpc.aws_internet_gateway.this",
            "module.main_vpc.aws_subnet.public",
            "module.main_vpc.aws_vpc.this",
            "module.main_vpc.aws_vpc_ipv4_cidr_block_association.this"
          ]
        }
      ]
    },
    {
      "module": "module.main_vpc",
      "mode": "managed",
      "type": "aws_route",
      "name": "private_nat_gateway",
      "provider": "provider[\"registry.terraform.io/hashicorp/aws\"]",
      "instances": [
        {
          "index_key": 0,
          "schema_version": 0,
          "attributes": {
            "carrier_gateway_id": "",
            "core_network_arn": "",
            "destination_cidr_block": "0.0.0.0/0",
            "destination_ipv6_cidr_block": "",
            "destination_prefix_list_id": "",
            "egress_only_gateway_id": "",
            "gateway_id": "",
            "id": "r-rtb-056e80489d99206f91080289494",
            "instance_id": "",
            "instance_owner_id": "",
            "local_gateway_id": "",
            "nat_gateway_id": "nat-002e9a8d70705c598",
            "network_interface_id": "",
            "origin": "CreateRoute",
            "region": "eu-north-1",
            "route_table_id": "rtb-056e80489d99206f9",
            "state": "active",
            "timeouts": {
              "create": "5m",
              "delete": null,
              "update": null
            },
            "transit_gateway_id": "",
            "vpc_endpoint_id": "",
            "vpc_peering_connection_id": ""
          },
          "sensitive_attributes": [],
          "identity_schema_version": 0,
          "identity": {
            "account_id": "903050880181",
            "destination_cidr_block": "0.0.0.0/0",
            "destination_ipv6_cidr_block": null,
            "destination_prefix_list_id": null,
            "region": "eu-north-1",
            "route_table_id": "rtb-056e80489d99206f9"
          },
          "private": "eyJlMmJmYjczMC1lY2FhLTExZTYtOGY4OC0zNDM2M2JjN2M0YzAiOnsiY3JlYXRlIjozMDAwMDAwMDAwMDAsImRlbGV0ZSI6MzAwMDAwMDAwMDAwLCJ1cGRhdGUiOjEyMDAwMDAwMDAwMH19",
          "dependencies": [
            "module.main_vpc.aws_eip.nat",
            "module.main_vpc.aws_internet_gateway.this",
            "module.main_vpc.aws_nat_gateway.this",
            "module.main_vpc.aws_route_table.private",
            "module.main_vpc.aws_subnet.public",
            "module.main_vpc.aws_vpc.this",
            "module.main_vpc.aws_vpc_ipv4_cidr_block_association.this"
          ]
        }
      ]
    },
    {
      "module": "module.main_vpc",
      "mode": "managed",
      "type": "aws_route",
      "name": "public_internet_gateway",
      "provider": "provider[\"registry.terraform.io/hashicorp/aws\"]",
      "instances": [
        {
          "index_key": 0,
          "schema_version": 0,
          "attributes": {
            "carrier_gateway_id": "",
            "core_network_arn": "",
            "destination_cidr_block": "0.0.0.0/0",
            "destination_ipv6_cidr_block": "",
            "destination_prefix_list_id": "",
            "egress_only_gateway_id": "",
            "gateway_id": "igw-0209d76ffeb391813",
            "id": "r-rtb-065a7676f51a96d8f1080289494",
            "instance_id": "",
            "instance_owner_id": "",
            "local_gateway_id": "",
            "nat_gateway_id": "",
            "network_interface_id": "",
            "origin": "CreateRoute",
            "region": "eu-north-1",
            "route_table_id": "rtb-065a7676f51a96d8f",
            "state": "active",
            "timeouts": {
              "create": "5m",
              "delete": null,
              "update": null
            },
            "transit_gateway_id": "",
            "vpc_endpoint_id": "",
            "vpc_peering_connection_id": ""
          },
          "sensitive_attributes": [],
          "identity_schema_version": 0,
          "identity": {
            "account_id": "903050880181",
            "destination_cidr_block": "0.0.0.0/0",
            "destination_ipv6_cidr_block": null,
            "destination_prefix_list_id": null,
            "region": "eu-north-1",
            "route_table_id": "rtb-065a7676f51a96d8f"
          },
          "private": "eyJlMmJmYjczMC1lY2FhLTExZTYtOGY4OC0zNDM2M2JjN2M0YzAiOnsiY3JlYXRlIjozMDAwMDAwMDAwMDAsImRlbGV0ZSI6MzAwMDAwMDAwMDAwLCJ1cGRhdGUiOjEyMDAwMDAwMDAwMH19",
          "dependencies": [
            "module.main_vpc.aws_internet_gateway.this",
            "module.main_vpc.aws_route_table.public",
            "module.main_vpc.aws_vpc.this",
            "module.main_vpc.aws_vpc_ipv4_cidr_block_association.this"
          ]
        }
      ]
    },
    {
      "module": "module.main_vpc",
      "mode": "managed",
      "type": "aws_route_table",
      "name": "private",
      "provider": "provider[\"registry.terraform.io/hashicorp/aws\"]",
      "instances": [
        {
          "index_key": 0,
          "schema_version": 0,
          "attributes": {
            "arn": "arn:aws:ec2:eu-north-1:903050880181:route-table/rtb-056e80489d99206f9",
            "id": "rtb-056e80489d99206f9",
            "owner_id": "903050880181",
            "propagating_vgws": [],
            "region": "eu-north-1",
            "route": [
              {
                "carrier_gateway_id": "",
                "cidr_block": "0.0.0.0/0",
                "core_network_arn": "",
                "destination_prefix_list_id": "",
                "egress_only_gateway_id": "",
                "gateway_id": "",
                "ipv6_cidr_block": "",
                "local_gateway_id": "",
                "nat_gateway_id": "nat-002e9a8d70705c598",
                "network_interface_id": "",
                "transit_gateway_id": "",
                "vpc_endpoint_id": "",
                "vpc_peering_connection_id": ""
              }
            ],
            "tags": {
              "Name": "main_vpc-private"
            },
            "tags_all": {
              "Name": "main_vpc-private"
            },
            "timeouts": null,
            "vpc_id": "vpc-038dd7e6b6b2f405d"
          },
          "sensitive_attributes": [],
          "identity_schema_version": 0,
          "identity": {
            "account_id": "903050880181",
            "id": "rtb-056e80489d99206f9",
            "region": "eu-north-1"
          },
          "private": "eyJlMmJmYjczMC1lY2FhLTExZTYtOGY4OC0zNDM2M2JjN2M0YzAiOnsiY3JlYXRlIjozMDAwMDAwMDAwMDAsImRlbGV0ZSI6MzAwMDAwMDAwMDAwLCJ1cGRhdGUiOjEyMDAwMDAwMDAwMH19",
          "dependencies": [
            "module.main_vpc.aws_vpc.this",
            "module.main_vpc.aws_vpc_ipv4_cidr_block_association.this"
          ]
        }
      ]
    },
    {
      "module": "module.main_vpc",
      "mode": "managed",
      "type": "aws_route_table",
      "name": "public",
      "provider": "provider[\"registry.terraform.io/hashicorp/aws\"]",
      "instances": [
        {
          "index_key": 0,
          "schema_version": 0,
          "attributes": {
            "arn": "arn:aws:ec2:eu-north-1:903050880181:route-table/rtb-065a7676f51a96d8f",
            "id": "rtb-065a7676f51a96d8f",
            "owner_id": "903050880181",
            "propagating_vgws": [],
            "region": "eu-north-1",
            "route": [
              {
                "carrier_gateway_id": "",
                "cidr_block": "0.0.0.0/0",
                "core_network_arn": "",
                "destination_prefix_list_id": "",
                "egress_only_gateway_id": "",
                "gateway_id": "igw-0209d76ffeb391813",
                "ipv6_cidr_block": "",
                "local_gateway_id": "",
                "nat_gateway_id": "",
                "network_interface_id": "",
                "transit_gateway_id": "",
                "vpc_endpoint_id": "",
                "vpc_peering_connection_id": ""
              }
            ],
            "tags": {
              "Name": "main_vpc-public"
            },
            "tags_all": {
              "Name": "main_vpc-public"
            },
            "timeouts": null,
            "vpc_id": "vpc-038dd7e6b6b2f405d"
          },
          "sensitive_attributes": [],
          "identity_schema_version": 0,
          "identity": {
            "account_id": "903050880181",
            "id": "rtb-065a7676f51a96d8f",
            "region": "eu-north-1"
          },
          "private": "eyJlMmJmYjczMC1lY2FhLTExZTYtOGY4OC0zNDM2M2JjN2M0YzAiOnsiY3JlYXRlIjozMDAwMDAwMDAwMDAsImRlbGV0ZSI6MzAwMDAwMDAwMDAwLCJ1cGRhdGUiOjEyMDAwMDAwMDAwMH19",
          "dependencies": [
            "module.main_vpc.aws_vpc.this",
            "module.main_vpc.aws_vpc_ipv4_cidr_block_association.this"
          ]
        }
      ]
    },
    {
      "module": "module.main_vpc",
      "mode": "managed",
      "type": "aws_route_table_association",
      "name": "private",
      "provider": "provider[\"registry.terraform.io/hashicorp/aws\"]",
      "instances": [
        {
          "index_key": 0,
          "schema_version": 0,
          "attributes": {
            "gateway_id": "",
            "id": "rtbassoc-063e5027922c90a2d",
            "region": "eu-north-1",
            "route_table_id": "rtb-056e80489d99206f9",
            "subnet_id": "subnet-092d3e5290cfe20e5",
            "timeouts": null
          },
          "sensitive_attributes": [],
          "identity_schema_version": 0,
          "identity": {
            "account_id": "903050880181",
            "id": "rtbassoc-063e5027922c90a2d",
            "region": "eu-north-1"
          },
          "private": "eyJlMmJmYjczMC1lY2FhLTExZTYtOGY4OC0zNDM2M2JjN2M0YzAiOnsiY3JlYXRlIjozMDAwMDAwMDAwMDAsImRlbGV0ZSI6MzAwMDAwMDAwMDAwLCJ1cGRhdGUiOjEyMDAwMDAwMDAwMH19",
          "dependencies": [
            "module.main_vpc.aws_route_table.private",
            "module.main_vpc.aws_subnet.private",
            "module.main_vpc.aws_vpc.this",
            "module.main_vpc.aws_vpc_ipv4_cidr_block_association.this"
          ]
        }
      ]
    },
    {
      "module": "module.main_vpc",
      "mode": "managed",
      "type": "aws_route_table_association",
      "name": "public",
      "provider": "provider[\"registry.terraform.io/hashicorp/aws\"]",
      "instances": [
        {
          "index_key": 0,
          "schema_version": 0,
          "attributes": {
            "gateway_id": "",
            "id": "rtbassoc-064fd25159e3f5505",
            "region": "eu-north-1",
            "route_table_id": "rtb-065a7676f51a96d8f",
            "subnet_id": "subnet-0d6b068c05b678e94",
            "timeouts": null
          },
          "sensitive_attributes": [],
          "identity_schema_version": 0,
          "identity": {
            "account_id": "903050880181",
            "id": "rtbassoc-064fd25159e3f5505",
            "region": "eu-north-1"
          },
          "private": "eyJlMmJmYjczMC1lY2FhLTExZTYtOGY4OC0zNDM2M2JjN2M0YzAiOnsiY3JlYXRlIjozMDAwMDAwMDAwMDAsImRlbGV0ZSI6MzAwMDAwMDAwMDAwLCJ1cGRhdGUiOjEyMDAwMDAwMDAwMH19",
          "dependencies": [
            "module.main_vpc.aws_route_table.public",
            "module.main_vpc.aws_subnet.public",
            "module.main_vpc.aws_vpc.this",
            "module.main_vpc.aws_vpc_ipv4_cidr_block_association.this"
          ]
        }
      ]
    },
    {
      "module": "module.main_vpc",
      "mode": "managed",
      "type": "aws_subnet",
      "name": "private",
      "provider": "provider[\"registry.terraform.io/hashicorp/aws\"]",
      "instances": [
        {
          "index_key": 0,
          "schema_version": 1,
          "attributes": {
            "arn": "arn:aws:ec2:eu-north-1:903050880181:subnet/subnet-092d3e5290cfe20e5",
            "assign_ipv6_address_on_creation": false,
            "availability_zone": "eu-north-1a",
            "availability_zone_id": "eun1-az1",
            "cidr_block": "10.0.1.0/24",
            "customer_owned_ipv4_pool": "",
            "enable_dns64": false,
            "enable_lni_at_device_index": 0,
            "enable_resource_name_dns_a_record_on_launch": false,
            "enable_resource_name_dns_aaaa_record_on_launch": false,
            "id": "subnet-092d3e5290cfe20e5",
            "ipv4_ipam_pool_id": null,
            "ipv4_netmask_length": null,
            "ipv6_cidr_block": "",
            "ipv6_cidr_block_association_id": "",
            "ipv6_ipam_pool_id": null,
            "ipv6_native": false,
            "ipv6_netmask_length": null,
            "map_customer_owned_ip_on_launch": false,
            "map_public_ip_on_launch": false,
            "outpost_arn": "",
            "owner_id": "903050880181",
            "private_dns_hostname_type_on_launch": "ip-name",
            "region": "eu-north-1",
            "tags": {
              "Name": "main_vpc-private-eu-north-1a"
            },
            "tags_all": {
              "Name": "main_vpc-private-eu-north-1a"
            },
            "timeouts": null,
            "vpc_id": "vpc-038dd7e6b6b2f405d"
          },
          "sensitive_attributes": [],
          "identity_schema_version": 0,
          "identity": {
            "account_id": "903050880181",
            "id": "subnet-092d3e5290cfe20e5",
            "region": "eu-north-1"
          },
          "private": "eyJlMmJmYjczMC1lY2FhLTExZTYtOGY4OC0zNDM2M2JjN2M0YzAiOnsiY3JlYXRlIjo2MDAwMDAwMDAwMDAsImRlbGV0ZSI6MTIwMDAwMDAwMDAwMH0sInNjaGVtYV92ZXJzaW9uIjoiMSJ9",
          "dependencies": [
            "module.main_vpc.aws_vpc.this",
            "module.main_vpc.aws_vpc_ipv4_cidr_block_association.this"
          ]
        }
      ]
    },
    {
      "module": "module.main_vpc",
      "mode": "managed",
      "type": "aws_subnet",
      "name": "public",
      "provider": "provider[\"registry.terraform.io/hashicorp/aws\"]",
      "instances": [
        {
          "index_key": 0,
          "schema_version": 1,
          "attributes": {
            "arn": "arn:aws:ec2:eu-north-1:903050880181:subnet/subnet-0d6b068c05b678e94",
            "assign_ipv6_address_on_creation": false,
            "availability_zone": "eu-north-1a",
            "availability_zone_id": "eun1-az1",
            "cidr_block": "10.0.101.0/24",
            "customer_owned_ipv4_pool": "",
            "enable_dns64": false,
            "enable_lni_at_device_index": 0,
            "enable_resource_name_dns_a_record_on_launch": false,
            "enable_resource_name_dns_aaaa_record_on_launch": false,
            "id": "subnet-0d6b068c05b678e94",
            "ipv4_ipam_pool_id": null,
            "ipv4_netmask_length": null,
            "ipv6_cidr_block": "",
            "ipv6_cidr_block_association_id": "",
            "ipv6_ipam_pool_id": null,
            "ipv6_native": false,
            "ipv6_netmask_length": null,
            "map_customer_owned_ip_on_launch": false,
            "map_public_ip_on_launch": false,
            "outpost_arn": "",
            "owner_id": "903050880181",
            "private_dns_hostname_type_on_launch": "ip-name",
            "region": "eu-north-1",
            "tags": {
              "Name": "main_vpc-public-eu-north-1a"
            },
            "tags_all": {
              "Name": "main_vpc-public-eu-north-1a"
            },
            "timeouts": null,
            "vpc_id": "vpc-038dd7e6b6b2f405d"
          },
          "sensitive_attributes": [],
          "identity_schema_version": 0,
          "identity": {
            "account_id": "903050880181",
            "id": "subnet-0d6b068c05b678e94",
            "region": "eu-north-1"
          },
          "private": "eyJlMmJmYjczMC1lY2FhLTExZTYtOGY4OC0zNDM2M2JjN2M0YzAiOnsiY3JlYXRlIjo2MDAwMDAwMDAwMDAsImRlbGV0ZSI6MTIwMDAwMDAwMDAwMH0sInNjaGVtYV92ZXJzaW9uIjoiMSJ9",
          "dependencies": [
            "module.main_vpc.aws_vpc.this",
            "module.main_vpc.aws_vpc_ipv4_cidr_block_association.this"
          ]
        }
      ]
    },
    {
      "module": "module.main_vpc",
      "mode": "managed",
      "type": "aws_vpc",
      "name": "this",
      "provider": "provider[\"registry.terraform.io/hashicorp/aws\"]",
      "instances": [
        {
          "index_key": 0,
          "schema_version": 1,
          "attributes": {
            "arn": "arn:aws:ec2:eu-north-1:903050880181:vpc/vpc-038dd7e6b6b2f405d",
            "assign_generated_ipv6_cidr_block": false,
            "cidr_block": "10.0.0.0/16",
            "default_network_acl_id": "acl-0ffd05ffbca08044a",
            "default_route_table_id": "rtb-06cbb581af2822d36",
            "default_security_group_id": "sg-054cd80225f5829df",
            "dhcp_options_id": "dopt-00d04d28790fc1a33",
            "enable_dns_hostnames": true,
            "enable_dns_support": true,
            "enable_network_address_usage_metrics": false,
            "id": "vpc-038dd7e6b6b2f405d",
            "instance_tenancy": "default",
            "ipv4_ipam_pool_id": null,
            "ipv4_netmask_length": null,
            "ipv6_association_id": "",
            "ipv6_cidr_block": "",
            "ipv6_cidr_block_network_border_group": "",
            "ipv6_ipam_pool_id": "",
            "ipv6_netmask_length": 0,
            "main_route_table_id": "rtb-06cbb581af2822d36",
            "owner_id": "903050880181",
            "region": "eu-north-1",
            "tags": {
              "Name": "main_vpc"
            },
            "tags_all": {
              "Name": "main_vpc"
            }
          },
          "sensitive_attributes": [],
          "identity_schema_version": 0,
          "identity": {
            "account_id": "903050880181",
            "id": "vpc-038dd7e6b6b2f405d",
            "region": "eu-north-1"
          },
          "private": "eyJzY2hlbWFfdmVyc2lvbiI6IjEifQ==",
          "create_before_destroy": true
        }
      ]
    },
    {
      "module": "module.monitoring_sg",
      "mode": "managed",
      "type": "aws_security_group",
      "name": "this",
      "provider": "provider[\"registry.terraform.io/hashicorp/aws\"]",
      "instances": [
        {
          "index_key": 0,
          "schema_version": 1,
          "attributes": {
            "arn": "arn:aws:ec2:eu-north-1:903050880181:security-group/sg-030a528934e4f387e",
            "description": "Security Group for monitoring access",
            "egress": [
              {
                "cidr_blocks": [
                  "0.0.0.0/0"
                ],
                "description": "",
                "from_port": 0,
                "ipv6_cidr_blocks": [],
                "prefix_list_ids": [],
                "protocol": "-1",
                "security_groups": [],
                "self": false,
                "to_port": 0
              }
            ],
            "id": "sg-030a528934e4f387e",
            "ingress": [
              {
                "cidr_blocks": [
                  "0.0.0.0/0"
                ],
                "description": "",
                "from_port": 22,
                "ipv6_cidr_blocks": [],
                "prefix_list_ids": [],
                "protocol": "tcp",
                "security_groups": [],
                "self": false,
                "to_port": 22
              },
              {
                "cidr_blocks": [
                  "0.0.0.0/0"
                ],
                "description": "",
                "from_port": 3000,
                "ipv6_cidr_blocks": [],
                "prefix_list_ids": [],
                "protocol": "tcp",
                "security_groups": [],
                "self": false,
                "to_port": 3000
              }
            ],
            "name": "monitoring-sg-20260627184407216900000006",
            "name_prefix": "monitoring-sg-",
            "owner_id": "903050880181",
            "region": "eu-north-1",
            "revoke_rules_on_delete": false,
            "tags": {},
            "tags_all": {},
            "timeouts": null,
            "vpc_id": "vpc-038dd7e6b6b2f405d"
          },
          "sensitive_attributes": [],
          "identity_schema_version": 0,
          "identity": {
            "account_id": "903050880181",
            "id": "sg-030a528934e4f387e",
            "region": "eu-north-1"
          },
          "private": "eyJlMmJmYjczMC1lY2FhLTExZTYtOGY4OC0zNDM2M2JjN2M0YzAiOnsiY3JlYXRlIjo2MDAwMDAwMDAwMDAsImRlbGV0ZSI6OTAwMDAwMDAwMDAwfSwic2NoZW1hX3ZlcnNpb24iOiIxIn0=",
          "dependencies": [
            "module.main_vpc.aws_vpc.this"
          ],
          "create_before_destroy": true
        }
      ]
    },
    {
      "module": "module.monitoring_sg",
      "mode": "managed",
      "type": "aws_vpc_security_group_egress_rule",
      "name": "this",
      "provider": "provider[\"registry.terraform.io/hashicorp/aws\"]",
      "instances": [
        {
          "index_key": "all",
          "schema_version": 0,
          "attributes": {
            "arn": "arn:aws:ec2:eu-north-1:903050880181:security-group-rule/sgr-00b9615e9885e5257",
            "cidr_ipv4": "0.0.0.0/0",
            "cidr_ipv6": null,
            "description": null,
            "from_port": null,
            "id": "sgr-00b9615e9885e5257",
            "ip_protocol": "-1",
            "prefix_list_id": null,
            "referenced_security_group_id": null,
            "region": "eu-north-1",
            "security_group_id": "sg-030a528934e4f387e",
            "security_group_rule_id": "sgr-00b9615e9885e5257",
            "tags": {
              "Name": "all"
            },
            "tags_all": {
              "Name": "all"
            },
            "to_port": null
          },
          "sensitive_attributes": [],
          "identity_schema_version": 0,
          "identity": {
            "account_id": "903050880181",
            "id": "sgr-00b9615e9885e5257",
            "region": "eu-north-1"
          },
          "dependencies": [
            "module.main_vpc.aws_vpc.this",
            "module.monitoring_sg.aws_security_group.this"
          ]
        }
      ]
    },
    {
      "module": "module.monitoring_sg",
      "mode": "managed",
      "type": "aws_vpc_security_group_ingress_rule",
      "name": "this",
      "provider": "provider[\"registry.terraform.io/hashicorp/aws\"]",
      "instances": [
        {
          "index_key": "grafana",
          "schema_version": 0,
          "attributes": {
            "arn": "arn:aws:ec2:eu-north-1:903050880181:security-group-rule/sgr-0382671cb6ac31b4a",
            "cidr_ipv4": "0.0.0.0/0",
            "cidr_ipv6": null,
            "description": null,
            "from_port": 3000,
            "id": "sgr-0382671cb6ac31b4a",
            "ip_protocol": "tcp",
            "prefix_list_id": null,
            "referenced_security_group_id": null,
            "region": "eu-north-1",
            "security_group_id": "sg-030a528934e4f387e",
            "security_group_rule_id": "sgr-0382671cb6ac31b4a",
            "tags": {
              "Name": "grafana"
            },
            "tags_all": {
              "Name": "grafana"
            },
            "to_port": 3000
          },
          "sensitive_attributes": [],
          "identity_schema_version": 0,
          "identity": {
            "account_id": "903050880181",
            "id": "sgr-0382671cb6ac31b4a",
            "region": "eu-north-1"
          },
          "dependencies": [
            "module.main_vpc.aws_vpc.this",
            "module.monitoring_sg.aws_security_group.this"
          ]
        },
        {
          "index_key": "ssh",
          "schema_version": 0,
          "attributes": {
            "arn": "arn:aws:ec2:eu-north-1:903050880181:security-group-rule/sgr-02acf12783937e995",
            "cidr_ipv4": "0.0.0.0/0",
            "cidr_ipv6": null,
            "description": null,
            "from_port": 22,
            "id": "sgr-02acf12783937e995",
            "ip_protocol": "tcp",
            "prefix_list_id": null,
            "referenced_security_group_id": null,
            "region": "eu-north-1",
            "security_group_id": "sg-030a528934e4f387e",
            "security_group_rule_id": "sgr-02acf12783937e995",
            "tags": {
              "Name": "ssh"
            },
            "tags_all": {
              "Name": "ssh"
            },
            "to_port": 22
          },
          "sensitive_attributes": [],
          "identity_schema_version": 0,
          "identity": {
            "account_id": "903050880181",
            "id": "sgr-02acf12783937e995",
            "region": "eu-north-1"
          },
          "dependencies": [
            "module.main_vpc.aws_vpc.this",
            "module.monitoring_sg.aws_security_group.this"
          ]
        }
      ]
    },
    {
      "module": "module.monitoring_sg",
      "mode": "managed",
      "type": "aws_vpc_security_group_rules_exclusive",
      "name": "this",
      "provider": "provider[\"registry.terraform.io/hashicorp/aws\"]",
      "instances": [
        {
          "index_key": 0,
          "schema_version": 0,
          "attributes": {
            "egress_rule_ids": [
              "sgr-00b9615e9885e5257"
            ],
            "ingress_rule_ids": [
              "sgr-02acf12783937e995",
              "sgr-0382671cb6ac31b4a"
            ],
            "region": "eu-north-1",
            "security_group_id": "sg-030a528934e4f387e"
          },
          "sensitive_attributes": [],
          "identity_schema_version": 0,
          "dependencies": [
            "module.main_vpc.aws_vpc.this",
            "module.monitoring_sg.aws_security_group.this",
            "module.monitoring_sg.aws_vpc_security_group_egress_rule.this",
            "module.monitoring_sg.aws_vpc_security_group_ingress_rule.this"
          ]
        }
      ]
    },
    {
      "module": "module.nginx_sg",
      "mode": "managed",
      "type": "aws_security_group",
      "name": "this",
      "provider": "provider[\"registry.terraform.io/hashicorp/aws\"]",
      "instances": [
        {
          "index_key": 0,
          "schema_version": 1,
          "attributes": {
            "arn": "arn:aws:ec2:eu-north-1:903050880181:security-group/sg-0e2de996af0624625",
            "description": "Security Group for Nginx reverse proxies",
            "egress": [
              {
                "cidr_blocks": [
                  "0.0.0.0/0"
                ],
                "description": "",
                "from_port": 0,
                "ipv6_cidr_blocks": [],
                "prefix_list_ids": [],
                "protocol": "-1",
                "security_groups": [],
                "self": false,
                "to_port": 0
              }
            ],
            "id": "sg-0e2de996af0624625",
            "ingress": [
              {
                "cidr_blocks": [
                  "0.0.0.0/0"
                ],
                "description": "",
                "from_port": 443,
                "ipv6_cidr_blocks": [],
                "prefix_list_ids": [],
                "protocol": "tcp",
                "security_groups": [],
                "self": false,
                "to_port": 443
              },
              {
                "cidr_blocks": [
                  "0.0.0.0/0"
                ],
                "description": "",
                "from_port": 80,
                "ipv6_cidr_blocks": [],
                "prefix_list_ids": [],
                "protocol": "tcp",
                "security_groups": [],
                "self": false,
                "to_port": 80
              }
            ],
            "name": "nginx-sg-20260627184408133200000008",
            "name_prefix": "nginx-sg-",
            "owner_id": "903050880181",
            "region": "eu-north-1",
            "revoke_rules_on_delete": false,
            "tags": {},
            "tags_all": {},
            "timeouts": null,
            "vpc_id": "vpc-038dd7e6b6b2f405d"
          },
          "sensitive_attributes": [],
          "identity_schema_version": 0,
          "identity": {
            "account_id": "903050880181",
            "id": "sg-0e2de996af0624625",
            "region": "eu-north-1"
          },
          "private": "eyJlMmJmYjczMC1lY2FhLTExZTYtOGY4OC0zNDM2M2JjN2M0YzAiOnsiY3JlYXRlIjo2MDAwMDAwMDAwMDAsImRlbGV0ZSI6OTAwMDAwMDAwMDAwfSwic2NoZW1hX3ZlcnNpb24iOiIxIn0=",
          "dependencies": [
            "module.main_vpc.aws_vpc.this"
          ],
          "create_before_destroy": true
        }
      ]
    },
    {
      "module": "module.nginx_sg",
      "mode": "managed",
      "type": "aws_vpc_security_group_egress_rule",
      "name": "this",
      "provider": "provider[\"registry.terraform.io/hashicorp/aws\"]",
      "instances": [
        {
          "index_key": "all",
          "schema_version": 0,
          "attributes": {
            "arn": "arn:aws:ec2:eu-north-1:903050880181:security-group-rule/sgr-0aad97830d1feefa3",
            "cidr_ipv4": "0.0.0.0/0",
            "cidr_ipv6": null,
            "description": null,
            "from_port": null,
            "id": "sgr-0aad97830d1feefa3",
            "ip_protocol": "-1",
            "prefix_list_id": null,
            "referenced_security_group_id": null,
            "region": "eu-north-1",
            "security_group_id": "sg-0e2de996af0624625",
            "security_group_rule_id": "sgr-0aad97830d1feefa3",
            "tags": {
              "Name": "all"
            },
            "tags_all": {
              "Name": "all"
            },
            "to_port": null
          },
          "sensitive_attributes": [],
          "identity_schema_version": 0,
          "identity": {
            "account_id": "903050880181",
            "id": "sgr-0aad97830d1feefa3",
            "region": "eu-north-1"
          },
          "dependencies": [
            "module.main_vpc.aws_vpc.this",
            "module.nginx_sg.aws_security_group.this"
          ]
        }
      ]
    },
    {
      "module": "module.nginx_sg",
      "mode": "managed",
      "type": "aws_vpc_security_group_ingress_rule",
      "name": "this",
      "provider": "provider[\"registry.terraform.io/hashicorp/aws\"]",
      "instances": [
        {
          "index_key": "http",
          "schema_version": 0,
          "attributes": {
            "arn": "arn:aws:ec2:eu-north-1:903050880181:security-group-rule/sgr-0f26936443e01b92a",
            "cidr_ipv4": "0.0.0.0/0",
            "cidr_ipv6": null,
            "description": null,
            "from_port": 80,
            "id": "sgr-0f26936443e01b92a",
            "ip_protocol": "tcp",
            "prefix_list_id": null,
            "referenced_security_group_id": null,
            "region": "eu-north-1",
            "security_group_id": "sg-0e2de996af0624625",
            "security_group_rule_id": "sgr-0f26936443e01b92a",
            "tags": {
              "Name": "http"
            },
            "tags_all": {
              "Name": "http"
            },
            "to_port": 80
          },
          "sensitive_attributes": [],
          "identity_schema_version": 0,
          "identity": {
            "account_id": "903050880181",
            "id": "sgr-0f26936443e01b92a",
            "region": "eu-north-1"
          },
          "dependencies": [
            "module.main_vpc.aws_vpc.this",
            "module.nginx_sg.aws_security_group.this"
          ]
        },
        {
          "index_key": "https",
          "schema_version": 0,
          "attributes": {
            "arn": "arn:aws:ec2:eu-north-1:903050880181:security-group-rule/sgr-0a180728ca3f235b3",
            "cidr_ipv4": "0.0.0.0/0",
            "cidr_ipv6": null,
            "description": null,
            "from_port": 443,
            "id": "sgr-0a180728ca3f235b3",
            "ip_protocol": "tcp",
            "prefix_list_id": null,
            "referenced_security_group_id": null,
            "region": "eu-north-1",
            "security_group_id": "sg-0e2de996af0624625",
            "security_group_rule_id": "sgr-0a180728ca3f235b3",
            "tags": {
              "Name": "https"
            },
            "tags_all": {
              "Name": "https"
            },
            "to_port": 443
          },
          "sensitive_attributes": [],
          "identity_schema_version": 0,
          "identity": {
            "account_id": "903050880181",
            "id": "sgr-0a180728ca3f235b3",
            "region": "eu-north-1"
          },
          "dependencies": [
            "module.main_vpc.aws_vpc.this",
            "module.nginx_sg.aws_security_group.this"
          ]
        }
      ]
    },
    {
      "module": "module.nginx_sg",
      "mode": "managed",
      "type": "aws_vpc_security_group_rules_exclusive",
      "name": "this",
      "provider": "provider[\"registry.terraform.io/hashicorp/aws\"]",
      "instances": [
        {
          "index_key": 0,
          "schema_version": 0,
          "attributes": {
            "egress_rule_ids": [
              "sgr-0aad97830d1feefa3"
            ],
            "ingress_rule_ids": [
              "sgr-0a180728ca3f235b3",
              "sgr-0f26936443e01b92a"
            ],
            "region": "eu-north-1",
            "security_group_id": "sg-0e2de996af0624625"
          },
          "sensitive_attributes": [],
          "identity_schema_version": 0,
          "dependencies": [
            "module.main_vpc.aws_vpc.this",
            "module.nginx_sg.aws_security_group.this",
            "module.nginx_sg.aws_vpc_security_group_egress_rule.this",
            "module.nginx_sg.aws_vpc_security_group_ingress_rule.this"
          ]
        }
      ]
    }
  ],
  "check_results": [
    {
      "object_kind": "var",
      "config_addr": "module.nginx_sg.var.egress_rules",
      "status": "unknown",
      "objects": null
    },
    {
      "object_kind": "var",
      "config_addr": "module.internal_sg.var.egress_rules",
      "status": "unknown",
      "objects": null
    },
    {
      "object_kind": "var",
      "config_addr": "module.internal_sg.var.ingress_rules",
      "status": "unknown",
      "objects": null
    },
    {
      "object_kind": "var",
      "config_addr": "module.monitoring_sg.var.ingress_rules",
      "status": "unknown",
      "objects": null
    },
    {
      "object_kind": "var",
      "config_addr": "module.monitoring_sg.var.egress_rules",
      "status": "unknown",
      "objects": null
    },
    {
      "object_kind": "var",
      "config_addr": "module.nginx_sg.var.ingress_rules",
      "status": "unknown",
      "objects": null
    }
  ]
}
